// !$*UTF8*$!
{
	archiveVersion = 1;
	classes = {
	};
	objectVersion = 46;
	objects = {

/* Begin PBXBuildFile section */
		08142AC71F68318C0008991E /* DenseGraph.cpp in Sources */ = {isa = PBXBuildFile; fileRef = 08142AA21F68318C0008991E /* DenseGraph.cpp */; };
		08142AC81F68318C0008991E /* BubbleSort.cpp in Sources */ = {isa = PBXBuildFile; fileRef = 08142AA51F68318C0008991E /* BubbleSort.cpp */; };
		08142AC91F68318C0008991E /* HeapSort.cpp in Sources */ = {isa = PBXBuildFile; fileRef = 08142AA71F68318C0008991E /* HeapSort.cpp */; };
		08142ACA1F68318C0008991E /* QuickSort.cpp in Sources */ = {isa = PBXBuildFile; fileRef = 08142AAB1F68318C0008991E /* QuickSort.cpp */; };
		08142ACB1F68318C0008991E /* BST.cpp in Sources */ = {isa = PBXBuildFile; fileRef = 08142AB11F68318C0008991E /* BST.cpp */; };
		08142ACC1F68318C0008991E /* FileOps.cpp in Sources */ = {isa = PBXBuildFile; fileRef = 08142AB31F68318C0008991E /* FileOps.cpp */; };
		08142ACD1F68318C0008991E /* IndexMaxHeap.cpp in Sources */ = {isa = PBXBuildFile; fileRef = 08142AB51F68318C0008991E /* IndexMaxHeap.cpp */; };
		08142ACE1F68318C0008991E /* MaxHeap.cpp in Sources */ = {isa = PBXBuildFile; fileRef = 08142AB71F68318C0008991E /* MaxHeap.cpp */; };
		08142ACF1F68318C0008991E /* SequenceST.cpp in Sources */ = {isa = PBXBuildFile; fileRef = 08142AB91F68318C0008991E /* SequenceST.cpp */; };
		08142AD01F68318C0008991E /* UnionFind1.cpp in Sources */ = {isa = PBXBuildFile; fileRef = 08142ABC1F68318C0008991E /* UnionFind1.cpp */; };
		08142AD11F68318C0008991E /* UnionFind2.cpp in Sources */ = {isa = PBXBuildFile; fileRef = 08142ABE1F68318C0008991E /* UnionFind2.cpp */; };
		08142AD21F68318C0008991E /* UnionFind3.cpp in Sources */ = {isa = PBXBuildFile; fileRef = 08142AC01F68318C0008991E /* UnionFind3.cpp */; };
		08142AD31F68318C0008991E /* UnionFind4.cpp in Sources */ = {isa = PBXBuildFile; fileRef = 08142AC21F68318C0008991E /* UnionFind4.cpp */; };
		08142AD41F68318C0008991E /* UnionFind5.cpp in Sources */ = {isa = PBXBuildFile; fileRef = 08142AC41F68318C0008991E /* UnionFind5.cpp */; };
		08142AD81F6831F70008991E /* Student.cpp in Sources */ = {isa = PBXBuildFile; fileRef = 08142AD61F6831F70008991E /* Student.cpp */; };
		08142ADE1F6973A30008991E /* SparseGraph.cpp in Sources */ = {isa = PBXBuildFile; fileRef = 08142ADC1F6973A30008991E /* SparseGraph.cpp */; };
		08142AE11F697E260008991E /* GraphTest.cpp in Sources */ = {isa = PBXBuildFile; fileRef = 08142ADF1F697E260008991E /* GraphTest.cpp */; };
		083DE1911F1D0677005916BB /* main.cpp in Sources */ = {isa = PBXBuildFile; fileRef = 083DE1901F1D0677005916BB /* main.cpp */; };
		08DC600B1F6AC8B000296490 /* Component.cpp in Sources */ = {isa = PBXBuildFile; fileRef = 08DC60091F6AC8B000296490 /* Component.cpp */; };
/* End PBXBuildFile section */

/* Begin PBXCopyFilesBuildPhase section */
		083DE18B1F1D0677005916BB /* CopyFiles */ = {
			isa = PBXCopyFilesBuildPhase;
			buildActionMask = 2147483647;
			dstPath = /usr/share/man/man1/;
			dstSubfolderSpec = 0;
			files = (
			);
			runOnlyForDeploymentPostprocessing = 1;
		};
/* End PBXCopyFilesBuildPhase section */

/* Begin PBXFileReference section */
		08142AA21F68318C0008991E /* DenseGraph.cpp */ = {isa = PBXFileReference; fileEncoding = 4; lastKnownFileType = sourcecode.cpp.cpp; path = DenseGraph.cpp; sourceTree = "<group>"; };
		08142AA31F68318C0008991E /* DenseGraph.hpp */ = {isa = PBXFileReference; fileEncoding = 4; lastKnownFileType = sourcecode.cpp.h; path = DenseGraph.hpp; sourceTree = "<group>"; };
		08142AA51F68318C0008991E /* BubbleSort.cpp */ = {isa = PBXFileReference; fileEncoding = 4; lastKnownFileType = sourcecode.cpp.cpp; path = BubbleSort.cpp; sourceTree = "<group>"; };
		08142AA61F68318C0008991E /* BubbleSort.hpp */ = {isa = PBXFileReference; fileEncoding = 4; lastKnownFileType = sourcecode.cpp.h; path = BubbleSort.hpp; sourceTree = "<group>"; };
		08142AA71F68318C0008991E /* HeapSort.cpp */ = {isa = PBXFileReference; fileEncoding = 4; lastKnownFileType = sourcecode.cpp.cpp; path = HeapSort.cpp; sourceTree = "<group>"; };
		08142AA81F68318C0008991E /* HeapSort.hpp */ = {isa = PBXFileReference; fileEncoding = 4; lastKnownFileType = sourcecode.cpp.h; path = HeapSort.hpp; sourceTree = "<group>"; };
		08142AA91F68318C0008991E /* InsertionSort.hpp */ = {isa = PBXFileReference; fileEncoding = 4; lastKnownFileType = sourcecode.cpp.h; path = InsertionSort.hpp; sourceTree = "<group>"; };
		08142AAA1F68318C0008991E /* MergeSort.hpp */ = {isa = PBXFileReference; fileEncoding = 4; lastKnownFileType = sourcecode.cpp.h; path = MergeSort.hpp; sourceTree = "<group>"; };
		08142AAB1F68318C0008991E /* QuickSort.cpp */ = {isa = PBXFileReference; fileEncoding = 4; lastKnownFileType = sourcecode.cpp.cpp; path = QuickSort.cpp; sourceTree = "<group>"; };
		08142AAC1F68318C0008991E /* QuickSort.hpp */ = {isa = PBXFileReference; fileEncoding = 4; lastKnownFileType = sourcecode.cpp.h; path = QuickSort.hpp; sourceTree = "<group>"; };
		08142AAD1F68318C0008991E /* SelectionSort.hpp */ = {isa = PBXFileReference; fileEncoding = 4; lastKnownFileType = sourcecode.cpp.h; path = SelectionSort.hpp; sourceTree = "<group>"; };
		08142AAE1F68318C0008991E /* ShellSort.hpp */ = {isa = PBXFileReference; fileEncoding = 4; lastKnownFileType = sourcecode.cpp.h; path = ShellSort.hpp; sourceTree = "<group>"; };
		08142AAF1F68318C0008991E /* SortTestHelper.hpp */ = {isa = PBXFileReference; fileEncoding = 4; lastKnownFileType = sourcecode.cpp.h; path = SortTestHelper.hpp; sourceTree = "<group>"; };
		08142AB11F68318C0008991E /* BST.cpp */ = {isa = PBXFileReference; fileEncoding = 4; lastKnownFileType = sourcecode.cpp.cpp; path = BST.cpp; sourceTree = "<group>"; };
		08142AB21F68318C0008991E /* BST.hpp */ = {isa = PBXFileReference; fileEncoding = 4; lastKnownFileType = sourcecode.cpp.h; path = BST.hpp; sourceTree = "<group>"; };
		08142AB31F68318C0008991E /* FileOps.cpp */ = {isa = PBXFileReference; fileEncoding = 4; lastKnownFileType = sourcecode.cpp.cpp; path = FileOps.cpp; sourceTree = "<group>"; };
		08142AB41F68318C0008991E /* FileOps.hpp */ = {isa = PBXFileReference; fileEncoding = 4; lastKnownFileType = sourcecode.cpp.h; path = FileOps.hpp; sourceTree = "<group>"; };
		08142AB51F68318C0008991E /* IndexMaxHeap.cpp */ = {isa = PBXFileReference; fileEncoding = 4; lastKnownFileType = sourcecode.cpp.cpp; path = IndexMaxHeap.cpp; sourceTree = "<group>"; };
		08142AB61F68318C0008991E /* IndexMaxHeap.hpp */ = {isa = PBXFileReference; fileEncoding = 4; lastKnownFileType = sourcecode.cpp.h; path = IndexMaxHeap.hpp; sourceTree = "<group>"; };
		08142AB71F68318C0008991E /* MaxHeap.cpp */ = {isa = PBXFileReference; fileEncoding = 4; lastKnownFileType = sourcecode.cpp.cpp; path = MaxHeap.cpp; sourceTree = "<group>"; };
		08142AB81F68318C0008991E /* MaxHeap.hpp */ = {isa = PBXFileReference; fileEncoding = 4; lastKnownFileType = sourcecode.cpp.h; path = MaxHeap.hpp; sourceTree = "<group>"; };
		08142AB91F68318C0008991E /* SequenceST.cpp */ = {isa = PBXFileReference; fileEncoding = 4; lastKnownFileType = sourcecode.cpp.cpp; path = SequenceST.cpp; sourceTree = "<group>"; };
		08142ABA1F68318C0008991E /* SequenceST.hpp */ = {isa = PBXFileReference; fileEncoding = 4; lastKnownFileType = sourcecode.cpp.h; path = SequenceST.hpp; sourceTree = "<group>"; };
		08142ABC1F68318C0008991E /* UnionFind1.cpp */ = {isa = PBXFileReference; fileEncoding = 4; lastKnownFileType = sourcecode.cpp.cpp; path = UnionFind1.cpp; sourceTree = "<group>"; };
		08142ABD1F68318C0008991E /* UnionFind1.hpp */ = {isa = PBXFileReference; fileEncoding = 4; lastKnownFileType = sourcecode.cpp.h; path = UnionFind1.hpp; sourceTree = "<group>"; };
		08142ABE1F68318C0008991E /* UnionFind2.cpp */ = {isa = PBXFileReference; fileEncoding = 4; lastKnownFileType = sourcecode.cpp.cpp; path = UnionFind2.cpp; sourceTree = "<group>"; };
		08142ABF1F68318C0008991E /* UnionFind2.hpp */ = {isa = PBXFileReference; fileEncoding = 4; lastKnownFileType = sourcecode.cpp.h; path = UnionFind2.hpp; sourceTree = "<group>"; };
		08142AC01F68318C0008991E /* UnionFind3.cpp */ = {isa = PBXFileReference; fileEncoding = 4; lastKnownFileType = sourcecode.cpp.cpp; path = UnionFind3.cpp; sourceTree = "<group>"; };
		08142AC11F68318C0008991E /* UnionFind3.hpp */ = {isa = PBXFileReference; fileEncoding = 4; lastKnownFileType = sourcecode.cpp.h; path = UnionFind3.hpp; sourceTree = "<group>"; };
		08142AC21F68318C0008991E /* UnionFind4.cpp */ = {isa = PBXFileReference; fileEncoding = 4; lastKnownFileType = sourcecode.cpp.cpp; path = UnionFind4.cpp; sourceTree = "<group>"; };
		08142AC31F68318C0008991E /* UnionFind4.hpp */ = {isa = PBXFileReference; fileEncoding = 4; lastKnownFileType = sourcecode.cpp.h; path = UnionFind4.hpp; sourceTree = "<group>"; };
		08142AC41F68318C0008991E /* UnionFind5.cpp */ = {isa = PBXFileReference; fileEncoding = 4; lastKnownFileType = sourcecode.cpp.cpp; path = UnionFind5.cpp; sourceTree = "<group>"; };
		08142AC51F68318C0008991E /* UnionFind5.hpp */ = {isa = PBXFileReference; fileEncoding = 4; lastKnownFileType = sourcecode.cpp.h; path = UnionFind5.hpp; sourceTree = "<group>"; };
		08142AC61F68318C0008991E /* UnionTestHelper.hpp */ = {isa = PBXFileReference; fileEncoding = 4; lastKnownFileType = sourcecode.cpp.h; path = UnionTestHelper.hpp; sourceTree = "<group>"; };
		08142AD61F6831F70008991E /* Student.cpp */ = {isa = PBXFileReference; fileEncoding = 4; lastKnownFileType = sourcecode.cpp.cpp; path = Student.cpp; sourceTree = "<group>"; };
		08142AD71F6831F70008991E /* Student.hpp */ = {isa = PBXFileReference; fileEncoding = 4; lastKnownFileType = sourcecode.cpp.h; path = Student.hpp; sourceTree = "<group>"; };
		08142ADA1F6832050008991E /* BinarySearch.cpp */ = {isa = PBXFileReference; lastKnownFileType = sourcecode.cpp.cpp; path = BinarySearch.cpp; sourceTree = "<group>"; };
		08142ADB1F6832050008991E /* BinarySearch.hpp */ = {isa = PBXFileReference; lastKnownFileType = sourcecode.cpp.h; path = BinarySearch.hpp; sourceTree = "<group>"; };
		08142ADC1F6973A30008991E /* SparseGraph.cpp */ = {isa = PBXFileReference; fileEncoding = 4; lastKnownFileType = sourcecode.cpp.cpp; path = SparseGraph.cpp; sourceTree = "<group>"; };
		08142ADD1F6973A30008991E /* SparseGraph.hpp */ = {isa = PBXFileReference; fileEncoding = 4; lastKnownFileType = sourcecode.cpp.h; path = SparseGraph.hpp; sourceTree = "<group>"; };
		08142ADF1F697E260008991E /* GraphTest.cpp */ = {isa = PBXFileReference; fileEncoding = 4; lastKnownFileType = sourcecode.cpp.cpp; path = GraphTest.cpp; sourceTree = "<group>"; };
		08142AE01F697E260008991E /* GraphTest.hpp */ = {isa = PBXFileReference; fileEncoding = 4; lastKnownFileType = sourcecode.cpp.h; path = GraphTest.hpp; sourceTree = "<group>"; };
		0823CA671F5BA6F400CF56D1 /* bible.rtf */ = {isa = PBXFileReference; fileEncoding = 4; lastKnownFileType = text.rtf; path = bible.rtf; sourceTree = "<group>"; };
		083DE18D1F1D0677005916BB /* Algorithm */ = {isa = PBXFileReference; explicitFileType = "compiled.mach-o.executable"; includeInIndex = 0; path = Algorithm; sourceTree = BUILT_PRODUCTS_DIR; };
		083DE1901F1D0677005916BB /* main.cpp */ = {isa = PBXFileReference; lastKnownFileType = sourcecode.cpp.cpp; path = main.cpp; sourceTree = "<group>"; };
		08DC60091F6AC8B000296490 /* Component.cpp */ = {isa = PBXFileReference; fileEncoding = 4; lastKnownFileType = sourcecode.cpp.cpp; path = Component.cpp; sourceTree = "<group>"; };
		08DC600A1F6AC8B000296490 /* Component.hpp */ = {isa = PBXFileReference; fileEncoding = 4; lastKnownFileType = sourcecode.cpp.h; path = Component.hpp; sourceTree = "<group>"; };
/* End PBXFileReference section */

/* Begin PBXFrameworksBuildPhase section */
		083DE18A1F1D0677005916BB /* Frameworks */ = {
			isa = PBXFrameworksBuildPhase;
			buildActionMask = 2147483647;
			files = (
			);
			runOnlyForDeploymentPostprocessing = 0;
		};
/* End PBXFrameworksBuildPhase section */

/* Begin PBXGroup section */
		08142AA11F68318C0008991E /* Graph */ = {
			isa = PBXGroup;
			children = (
				08142ADF1F697E260008991E /* GraphTest.cpp */,
				08142AE01F697E260008991E /* GraphTest.hpp */,
				08142AA21F68318C0008991E /* DenseGraph.cpp */,
				08142AA31F68318C0008991E /* DenseGraph.hpp */,
				08142ADC1F6973A30008991E /* SparseGraph.cpp */,
				08142ADD1F6973A30008991E /* SparseGraph.hpp */,
				08DC60091F6AC8B000296490 /* Component.cpp */,
				08DC600A1F6AC8B000296490 /* Component.hpp */,
			);
			path = Graph;
			sourceTree = "<group>";
		};
		08142AA41F68318C0008991E /* Sort */ = {
			isa = PBXGroup;
			children = (
				08142AA51F68318C0008991E /* BubbleSort.cpp */,
				08142AA61F68318C0008991E /* BubbleSort.hpp */,
				08142AA71F68318C0008991E /* HeapSort.cpp */,
				08142AA81F68318C0008991E /* HeapSort.hpp */,
				08142AA91F68318C0008991E /* InsertionSort.hpp */,
				08142AAA1F68318C0008991E /* MergeSort.hpp */,
				08142AAB1F68318C0008991E /* QuickSort.cpp */,
				08142AAC1F68318C0008991E /* QuickSort.hpp */,
				08142AAD1F68318C0008991E /* SelectionSort.hpp */,
				08142AAE1F68318C0008991E /* ShellSort.hpp */,
				08142AAF1F68318C0008991E /* SortTestHelper.hpp */,
			);
			path = Sort;
			sourceTree = "<group>";
		};
		08142AB01F68318C0008991E /* Tree */ = {
			isa = PBXGroup;
			children = (
				08142AB11F68318C0008991E /* BST.cpp */,
				08142AB21F68318C0008991E /* BST.hpp */,
				08142AB31F68318C0008991E /* FileOps.cpp */,
				08142AB41F68318C0008991E /* FileOps.hpp */,
				08142AB51F68318C0008991E /* IndexMaxHeap.cpp */,
				08142AB61F68318C0008991E /* IndexMaxHeap.hpp */,
				08142AB71F68318C0008991E /* MaxHeap.cpp */,
				08142AB81F68318C0008991E /* MaxHeap.hpp */,
				08142AB91F68318C0008991E /* SequenceST.cpp */,
				08142ABA1F68318C0008991E /* SequenceST.hpp */,
			);
			path = Tree;
			sourceTree = "<group>";
		};
		08142ABB1F68318C0008991E /* UnionFind */ = {
			isa = PBXGroup;
			children = (
				08142ABC1F68318C0008991E /* UnionFind1.cpp */,
				08142ABD1F68318C0008991E /* UnionFind1.hpp */,
				08142ABE1F68318C0008991E /* UnionFind2.cpp */,
				08142ABF1F68318C0008991E /* UnionFind2.hpp */,
				08142AC01F68318C0008991E /* UnionFind3.cpp */,
				08142AC11F68318C0008991E /* UnionFind3.hpp */,
				08142AC21F68318C0008991E /* UnionFind4.cpp */,
				08142AC31F68318C0008991E /* UnionFind4.hpp */,
				08142AC41F68318C0008991E /* UnionFind5.cpp */,
				08142AC51F68318C0008991E /* UnionFind5.hpp */,
				08142AC61F68318C0008991E /* UnionTestHelper.hpp */,
			);
			path = UnionFind;
			sourceTree = "<group>";
		};
		08142AD51F6831F70008991E /* Other */ = {
			isa = PBXGroup;
			children = (
				08142AD61F6831F70008991E /* Student.cpp */,
				08142AD71F6831F70008991E /* Student.hpp */,
			);
			path = Other;
			sourceTree = "<group>";
		};
		08142AD91F6832050008991E /* Search */ = {
			isa = PBXGroup;
			children = (
				08142ADA1F6832050008991E /* BinarySearch.cpp */,
				08142ADB1F6832050008991E /* BinarySearch.hpp */,
			);
			path = Search;
			sourceTree = "<group>";
		};
		0823CA661F5BA6F400CF56D1 /* resources */ = {
			isa = PBXGroup;
			children = (
				0823CA671F5BA6F400CF56D1 /* bible.rtf */,
			);
			path = resources;
			sourceTree = "<group>";
		};
		083DE1841F1D0677005916BB = {
			isa = PBXGroup;
			children = (
				083DE18F1F1D0677005916BB /* Algorithm */,
				083DE18E1F1D0677005916BB /* Products */,
			);
			sourceTree = "<group>";
		};
		083DE18E1F1D0677005916BB /* Products */ = {
			isa = PBXGroup;
			children = (
				083DE18D1F1D0677005916BB /* Algorithm */,
			);
			name = Products;
			sourceTree = "<group>";
		};
		083DE18F1F1D0677005916BB /* Algorithm */ = {
			isa = PBXGroup;
			children = (
				08142AA41F68318C0008991E /* Sort */,
				08142AB01F68318C0008991E /* Tree */,
				08142ABB1F68318C0008991E /* UnionFind */,
				08142AA11F68318C0008991E /* Graph */,
				08142AD91F6832050008991E /* Search */,
				08142AD51F6831F70008991E /* Other */,
				0823CA661F5BA6F400CF56D1 /* resources */,
				083DE1901F1D0677005916BB /* main.cpp */,
			);
			path = Algorithm;
			sourceTree = "<group>";
		};
/* End PBXGroup section */

/* Begin PBXNativeTarget section */
		083DE18C1F1D0677005916BB /* Algorithm */ = {
			isa = PBXNativeTarget;
			buildConfigurationList = 083DE1941F1D0677005916BB /* Build configuration list for PBXNativeTarget "Algorithm" */;
			buildPhases = (
				083DE1891F1D0677005916BB /* Sources */,
				083DE18A1F1D0677005916BB /* Frameworks */,
				083DE18B1F1D0677005916BB /* CopyFiles */,
			);
			buildRules = (
			);
			dependencies = (
			);
			name = Algorithm;
			productName = Algorithm;
			productReference = 083DE18D1F1D0677005916BB /* Algorithm */;
			productType = "com.apple.product-type.tool";
		};
/* End PBXNativeTarget section */

/* Begin PBXProject section */
		083DE1851F1D0677005916BB /* Project object */ = {
			isa = PBXProject;
			attributes = {
				LastUpgradeCheck = 0830;
				ORGANIZATIONNAME = nchkdxlq;
				TargetAttributes = {
					083DE18C1F1D0677005916BB = {
						CreatedOnToolsVersion = 8.3.3;
						DevelopmentTeam = 733RR644TP;
						ProvisioningStyle = Automatic;
					};
				};
			};
			buildConfigurationList = 083DE1881F1D0677005916BB /* Build configuration list for PBXProject "Algorithm" */;
			compatibilityVersion = "Xcode 3.2";
			developmentRegion = English;
			hasScannedForEncodings = 0;
			knownRegions = (
				en,
			);
			mainGroup = 083DE1841F1D0677005916BB;
			productRefGroup = 083DE18E1F1D0677005916BB /* Products */;
			projectDirPath = "";
			projectRoot = "";
			targets = (
				083DE18C1F1D0677005916BB /* Algorithm */,
			);
		};
/* End PBXProject section */

/* Begin PBXSourcesBuildPhase section */
		083DE1891F1D0677005916BB /* Sources */ = {
			isa = PBXSourcesBuildPhase;
			buildActionMask = 2147483647;
			files = (
				08142AC81F68318C0008991E /* BubbleSort.cpp in Sources */,
				08142ACD1F68318C0008991E /* IndexMaxHeap.cpp in Sources */,
				08142ACB1F68318C0008991E /* BST.cpp in Sources */,
				08142AD81F6831F70008991E /* Student.cpp in Sources */,
				08142AC91F68318C0008991E /* HeapSort.cpp in Sources */,
				08142ACC1F68318C0008991E /* FileOps.cpp in Sources */,
				08142AD21F68318C0008991E /* UnionFind3.cpp in Sources */,
				08142AC71F68318C0008991E /* DenseGraph.cpp in Sources */,
				08142ACA1F68318C0008991E /* QuickSort.cpp in Sources */,
				08DC600B1F6AC8B000296490 /* Component.cpp in Sources */,
				08142AD11F68318C0008991E /* UnionFind2.cpp in Sources */,
				08142AD01F68318C0008991E /* UnionFind1.cpp in Sources */,
				08142ACE1F68318C0008991E /* MaxHeap.cpp in Sources */,
				08142AD31F68318C0008991E /* UnionFind4.cpp in Sources */,
				083DE1911F1D0677005916BB /* main.cpp in Sources */,
				08142AE11F697E260008991E /* GraphTest.cpp in Sources */,
				08142AD41F68318C0008991E /* UnionFind5.cpp in Sources */,
				08142ACF1F68318C0008991E /* SequenceST.cpp in Sources */,
				08142ADE1F6973A30008991E /* SparseGraph.cpp in Sources */,
			);
			runOnlyForDeploymentPostprocessing = 0;
		};
/* End PBXSourcesBuildPhase section */

/* Begin XCBuildConfiguration section */
		083DE1921F1D0677005916BB /* Debug */ = {
			isa = XCBuildConfiguration;
			buildSettings = {
				ALWAYS_SEARCH_USER_PATHS = NO;
				CLANG_ANALYZER_NONNULL = YES;
				CLANG_ANALYZER_NUMBER_OBJECT_CONVERSION = YES_AGGRESSIVE;
				CLANG_CXX_LANGUAGE_STANDARD = "gnu++0x";
				CLANG_CXX_LIBRARY = "libc++";
				CLANG_ENABLE_MODULES = YES;
				CLANG_ENABLE_OBJC_ARC = YES;
				CLANG_WARN_BOOL_CONVERSION = YES;
				CLANG_WARN_CONSTANT_CONVERSION = YES;
				CLANG_WARN_DIRECT_OBJC_ISA_USAGE = YES_ERROR;
				CLANG_WARN_DOCUMENTATION_COMMENTS = YES;
				CLANG_WARN_EMPTY_BODY = YES;
				CLANG_WARN_ENUM_CONVERSION = YES;
				CLANG_WARN_INFINITE_RECURSION = YES;
				CLANG_WARN_INT_CONVERSION = YES;
				CLANG_WARN_OBJC_ROOT_CLASS = YES_ERROR;
				CLANG_WARN_SUSPICIOUS_MOVE = YES;
				CLANG_WARN_UNREACHABLE_CODE = YES;
				CLANG_WARN__DUPLICATE_METHOD_MATCH = YES;
				CODE_SIGN_IDENTITY = "-";
				COPY_PHASE_STRIP = NO;
				DEBUG_INFORMATION_FORMAT = dwarf;
				ENABLE_STRICT_OBJC_MSGSEND = YES;
				ENABLE_TESTABILITY = YES;
				GCC_C_LANGUAGE_STANDARD = gnu99;
				GCC_DYNAMIC_NO_PIC = NO;
				GCC_NO_COMMON_BLOCKS = YES;
				GCC_OPTIMIZATION_LEVEL = 0;
				GCC_PREPROCESSOR_DEFINITIONS = (
					"DEBUG=1",
					"$(inherited)",
				);
				GCC_WARN_64_TO_32_BIT_CONVERSION = YES;
				GCC_WARN_ABOUT_RETURN_TYPE = YES_ERROR;
				GCC_WARN_UNDECLARED_SELECTOR = YES;
				GCC_WARN_UNINITIALIZED_AUTOS = YES_AGGRESSIVE;
				GCC_WARN_UNUSED_FUNCTION = YES;
				GCC_WARN_UNUSED_VARIABLE = YES;
				MACOSX_DEPLOYMENT_TARGET = 10.12;
				MTL_ENABLE_DEBUG_INFO = YES;
				ONLY_ACTIVE_ARCH = YES;
				SDKROOT = macosx;
			};
			name = Debug;
		};
		083DE1931F1D0677005916BB /* Release */ = {
			isa = XCBuildConfiguration;
			buildSettings = {
				ALWAYS_SEARCH_USER_PATHS = NO;
				CLANG_ANALYZER_NONNULL = YES;
				CLANG_ANALYZER_NUMBER_OBJECT_CONVERSION = YES_AGGRESSIVE;
				CLANG_CXX_LANGUAGE_STANDARD = "gnu++0x";
				CLANG_CXX_LIBRARY = "libc++";
				CLANG_ENABLE_MODULES = YES;
				CLANG_ENABLE_OBJC_ARC = YES;
				CLANG_WARN_BOOL_CONVERSION = YES;
				CLANG_WARN_CONSTANT_CONVERSION = YES;
				CLANG_WARN_DIRECT_OBJC_ISA_USAGE = YES_ERROR;
				CLANG_WARN_DOCUMENTATION_COMMENTS = YES;
				CLANG_WARN_EMPTY_BODY = YES;
				CLANG_WARN_ENUM_CONVERSION = YES;
				CLANG_WARN_INFINITE_RECURSION = YES;
				CLANG_WARN_INT_CONVERSION = YES;
				CLANG_WARN_OBJC_ROOT_CLASS = YES_ERROR;
				CLANG_WARN_SUSPICIOUS_MOVE = YES;
				CLANG_WARN_UNREACHABLE_CODE = YES;
				CLANG_WARN__DUPLICATE_METHOD_MATCH = YES;
				CODE_SIGN_IDENTITY = "-";
				COPY_PHASE_STRIP = NO;
				DEBUG_INFORMATION_FORMAT = "dwarf-with-dsym";
				ENABLE_NS_ASSERTIONS = NO;
				ENABLE_STRICT_OBJC_MSGSEND = YES;
				GCC_C_LANGUAGE_STANDARD = gnu99;
				GCC_NO_COMMON_BLOCKS = YES;
				GCC_WARN_64_TO_32_BIT_CONVERSION = YES;
				GCC_WARN_ABOUT_RETURN_TYPE = YES_ERROR;
				GCC_WARN_UNDECLARED_SELECTOR = YES;
				GCC_WARN_UNINITIALIZED_AUTOS = YES_AGGRESSIVE;
				GCC_WARN_UNUSED_FUNCTION = YES;
				GCC_WARN_UNUSED_VARIABLE = YES;
				MACOSX_DEPLOYMENT_TARGET = 10.12;
				MTL_ENABLE_DEBUG_INFO = NO;
				SDKROOT = macosx;
			};
			name = Release;
		};
		083DE1951F1D0677005916BB /* Debug */ = {
			isa = XCBuildConfiguration;
			buildSettings = {
				DEVELOPMENT_TEAM = 733RR644TP;
				PRODUCT_NAME = "$(TARGET_NAME)";
			};
			name = Debug;
		};
		083DE1961F1D0677005916BB /* Release */ = {
			isa = XCBuildConfiguration;
			buildSettings = {
				DEVELOPMENT_TEAM = 733RR644TP;
				PRODUCT_NAME = "$(TARGET_NAME)";
			};
			name = Release;
		};
/* End XCBuildConfiguration section */

/* Begin XCConfigurationList section */
		083DE1881F1D0677005916BB /* Build configuration list for PBXProject "Algorithm" */ = {
			isa = XCConfigurationList;
			buildConfigurations = (
				083DE1921F1D0677005916BB /* Debug */,
				083DE1931F1D0677005916BB /* Release */,
			);
			defaultConfigurationIsVisible = 0;
			defaultConfigurationName = Release;
		};
		083DE1941F1D0677005916BB /* Build configuration list for PBXNativeTarget "Algorithm" */ = {
			isa = XCConfigurationList;
			buildConfigurations = (
				083DE1951F1D0677005916BB /* Debug */,
				083DE1961F1D0677005916BB /* Release */,
			);
			defaultConfigurationIsVisible = 0;
			defaultConfigurationName = Release;
		};
/* End XCConfigurationList section */
	};
	rootObject = 083DE1851F1D0677005916BB /* Project object */;
}
