// !$*UTF8*$!
{
	archiveVersion = 1;
	classes = {
	};
	objectVersion = 46;
	objects = {

/* Begin PBXBuildFile section */
		08016CBC22B4BF7700492DC5 /* 347-topKFrequent.cpp in Sources */ = {isa = PBXBuildFile; fileRef = 08016CB422B4BF7600492DC5 /* 347-topKFrequent.cpp */; };
		08016CBD22B4BF7700492DC5 /* 23-mergeKLists.cpp in Sources */ = {isa = PBXBuildFile; fileRef = 08016CB622B4BF7600492DC5 /* 23-mergeKLists.cpp */; };
		08016CBE22B4BF7700492DC5 /* 703-KthLargest.cpp in Sources */ = {isa = PBXBuildFile; fileRef = 08016CB822B4BF7600492DC5 /* 703-KthLargest.cpp */; };
		08016CBF22B4BF7700492DC5 /* main.cpp in Sources */ = {isa = PBXBuildFile; fileRef = 08016CB922B4BF7600492DC5 /* main.cpp */; };
		08016CC022B4BF7700492DC5 /* 387-firstUniqChar.cpp in Sources */ = {isa = PBXBuildFile; fileRef = 08016CBB22B4BF7700492DC5 /* 387-firstUniqChar.cpp */; };
		08142AC71F68318C0008991E /* DenseGraph.cpp in Sources */ = {isa = PBXBuildFile; fileRef = 08142AA21F68318C0008991E /* DenseGraph.cpp */; };
		08142ACB1F68318C0008991E /* BST.cpp in Sources */ = {isa = PBXBuildFile; fileRef = 08142AB11F68318C0008991E /* BST.cpp */; };
		08142ACC1F68318C0008991E /* FileOps.cpp in Sources */ = {isa = PBXBuildFile; fileRef = 08142AB31F68318C0008991E /* FileOps.cpp */; };
		08142ACD1F68318C0008991E /* IndexMaxHeap.cpp in Sources */ = {isa = PBXBuildFile; fileRef = 08142AB51F68318C0008991E /* IndexMaxHeap.cpp */; };
		08142ACE1F68318C0008991E /* MaxHeap.cpp in Sources */ = {isa = PBXBuildFile; fileRef = 08142AB71F68318C0008991E /* MaxHeap.cpp */; };
		08142ACF1F68318C0008991E /* SequenceST.cpp in Sources */ = {isa = PBXBuildFile; fileRef = 08142AB91F68318C0008991E /* SequenceST.cpp */; };
		08142AD01F68318C0008991E /* UnionFind1.cpp in Sources */ = {isa = PBXBuildFile; fileRef = 08142ABC1F68318C0008991E /* UnionFind1.cpp */; };
		08142AD11F68318C0008991E /* UnionFind2.cpp in Sources */ = {isa = PBXBuildFile; fileRef = 08142ABE1F68318C0008991E /* UnionFind2.cpp */; };
		08142AD21F68318C0008991E /* UnionFind3.cpp in Sources */ = {isa = PBXBuildFile; fileRef = 08142AC01F68318C0008991E /* UnionFind3.cpp */; };
		08142AD31F68318C0008991E /* UnionFind4.cpp in Sources */ = {isa = PBXBuildFile; fileRef = 08142AC21F68318C0008991E /* UnionFind4.cpp */; };
		08142AD41F68318C0008991E /* UnionFind5.cpp in Sources */ = {isa = PBXBuildFile; fileRef = 08142AC41F68318C0008991E /* UnionFind5.cpp */; };
		08142AD81F6831F70008991E /* Student.cpp in Sources */ = {isa = PBXBuildFile; fileRef = 08142AD61F6831F70008991E /* Student.cpp */; };
		08142ADE1F6973A30008991E /* SparseGraph.cpp in Sources */ = {isa = PBXBuildFile; fileRef = 08142ADC1F6973A30008991E /* SparseGraph.cpp */; };
		08142AE11F697E260008991E /* GraphTest.cpp in Sources */ = {isa = PBXBuildFile; fileRef = 08142ADF1F697E260008991E /* GraphTest.cpp */; };
		083DE1911F1D0677005916BB /* main.cpp in Sources */ = {isa = PBXBuildFile; fileRef = 083DE1901F1D0677005916BB /* main.cpp */; };
		0893CA01229E128C0086F6EB /* DoublyLinkedList.cpp in Sources */ = {isa = PBXBuildFile; fileRef = 0893C9FF229E128C0086F6EB /* DoublyLinkedList.cpp */; };
		0893CA0422A019E30086F6EB /* Utils.c in Sources */ = {isa = PBXBuildFile; fileRef = 0893CA0322A019E30086F6EB /* Utils.c */; };
		08DC600B1F6AC8B000296490 /* Component.cpp in Sources */ = {isa = PBXBuildFile; fileRef = 08DC60091F6AC8B000296490 /* Component.cpp */; };
		08DC600E1F6B4CEA00296490 /* ReadGraph.cpp in Sources */ = {isa = PBXBuildFile; fileRef = 08DC600C1F6B4CEA00296490 /* ReadGraph.cpp */; };
		08E47BA92299488D00FCA0A5 /* MyArray.cpp in Sources */ = {isa = PBXBuildFile; fileRef = 08E47BA72299488D00FCA0A5 /* MyArray.cpp */; };
		08E47BAD229A52FA00FCA0A5 /* LRUCache.cpp in Sources */ = {isa = PBXBuildFile; fileRef = 08E47BAB229A52FA00FCA0A5 /* LRUCache.cpp */; };
		08E47BB2229C1FED00FCA0A5 /* SingleLinkedList.cpp in Sources */ = {isa = PBXBuildFile; fileRef = 08E47BB0229C1FED00FCA0A5 /* SingleLinkedList.cpp */; };
		1811585422DFF1A9002693CC /* 100-isSameTree.cpp in Sources */ = {isa = PBXBuildFile; fileRef = 1811585222DFF1A9002693CC /* 100-isSameTree.cpp */; };
		1814CCFC22D1E0330088D969 /* 148-sortList.cpp in Sources */ = {isa = PBXBuildFile; fileRef = 1814CCFA22D1E0330088D969 /* 148-sortList.cpp */; };
		1814CCFF22D1F1C50088D969 /* LinkedListHelper.cpp in Sources */ = {isa = PBXBuildFile; fileRef = 1814CCFD22D1F1C50088D969 /* LinkedListHelper.cpp */; };
		18208B4722D963FA00F5823E /* 220-duplicate.cpp in Sources */ = {isa = PBXBuildFile; fileRef = 18208B4522D963FA00F5823E /* 220-duplicate.cpp */; };
		18208B4B22D9890000F5823E /* 922-sortArrayByParityII.cpp in Sources */ = {isa = PBXBuildFile; fileRef = 18208B4922D9890000F5823E /* 922-sortArrayByParityII.cpp */; };
		1821144F22DA23A2003EBCB3 /* BinaryTree.cpp in Sources */ = {isa = PBXBuildFile; fileRef = 1821144D22DA23A2003EBCB3 /* BinaryTree.cpp */; };
		18256C1422D0C8ED0080405D /* main.cpp in Sources */ = {isa = PBXBuildFile; fileRef = 18256C1322D0C8ED0080405D /* main.cpp */; };
		182573E322FA56020013EBA8 /* 129-sumNumbers.cpp in Sources */ = {isa = PBXBuildFile; fileRef = 182573E122FA56020013EBA8 /* 129-sumNumbers.cpp */; };
		182ACE0122EFBD8300BD4445 /* 101-isSymmetric.cpp in Sources */ = {isa = PBXBuildFile; fileRef = 182ACDFF22EFBD8300BD4445 /* 101-isSymmetric.cpp */; };
		1833C0C42306DEBC006D7287 /* 46-permute.cpp in Sources */ = {isa = PBXBuildFile; fileRef = 1833C0C22306DEBC006D7287 /* 46-permute.cpp */; };
		1833C0C82307D4E1006D7287 /* 17-letterCombinations.cpp in Sources */ = {isa = PBXBuildFile; fileRef = 1833C0C62307D4E1006D7287 /* 17-letterCombinations.cpp */; };
		1833C0CD2307E6BC006D7287 /* 784-letterCasePermutation.cpp in Sources */ = {isa = PBXBuildFile; fileRef = 1833C0CB2307E6BC006D7287 /* 784-letterCasePermutation.cpp */; };
		1833C0D12307F4D2006D7287 /* 47-permuteUnique.cpp in Sources */ = {isa = PBXBuildFile; fileRef = 1833C0CF2307F4D2006D7287 /* 47-permuteUnique.cpp */; };
		1833C0D52308F0F3006D7287 /* 77-combine.cpp in Sources */ = {isa = PBXBuildFile; fileRef = 1833C0D32308F0F3006D7287 /* 77-combine.cpp */; };
		1833C0D923091289006D7287 /* 39-combinationSum.cpp in Sources */ = {isa = PBXBuildFile; fileRef = 1833C0D723091289006D7287 /* 39-combinationSum.cpp */; };
		1833C0DD230956D4006D7287 /* 40-combinationSum2.cpp in Sources */ = {isa = PBXBuildFile; fileRef = 1833C0DB230956D4006D7287 /* 40-combinationSum2.cpp */; };
		183511A022F26C3500968475 /* 145-postorderTraversal.cpp in Sources */ = {isa = PBXBuildFile; fileRef = 1835119E22F26C3500968475 /* 145-postorderTraversal.cpp */; };
		18367C7E22D801D900F59043 /* 217-duplicate.cpp in Sources */ = {isa = PBXBuildFile; fileRef = 18367C7C22D801D900F59043 /* 217-duplicate.cpp */; };
		18367C8222D80E4D00F59043 /* 219-duplicate.cpp in Sources */ = {isa = PBXBuildFile; fileRef = 18367C8022D80E4D00F59043 /* 219-duplicate.cpp */; };
		18404ED522E2CF2E00D4034E /* 112-hasPathSum.cpp in Sources */ = {isa = PBXBuildFile; fileRef = 18404ED322E2CF2E00D4034E /* 112-hasPathSum.cpp */; };
		18404EDA22E30DB800D4034E /* 113-hasPathSumll.cpp in Sources */ = {isa = PBXBuildFile; fileRef = 18404ED822E30DB800D4034E /* 113-hasPathSumll.cpp */; };
		18404EDE22E3408600D4034E /* 257-binaryTreePaths.cpp in Sources */ = {isa = PBXBuildFile; fileRef = 18404EDC22E3408600D4034E /* 257-binaryTreePaths.cpp */; };
		1846690822E5358700D452C4 /* 437-PathSumIII.cpp in Sources */ = {isa = PBXBuildFile; fileRef = 1846690622E5358700D452C4 /* 437-PathSumIII.cpp */; };
		1848ABA222D62F9B007F0F61 /* 206-reverseList.cpp in Sources */ = {isa = PBXBuildFile; fileRef = 1848ABA022D62F9B007F0F61 /* 206-reverseList.cpp */; };
		184BCAB72304DA8E0029EFE8 /* 109-sortedListToBST.cpp in Sources */ = {isa = PBXBuildFile; fileRef = 184BCAB52304DA8E0029EFE8 /* 109-sortedListToBST.cpp */; };
		185068B622D77929000A05AE /* string.cpp in Sources */ = {isa = PBXBuildFile; fileRef = 185068B422D77929000A05AE /* string.cpp */; };
		1858648622D0C9F900BCFC3E /* set.cpp in Sources */ = {isa = PBXBuildFile; fileRef = 1858648222D0C91600BCFC3E /* set.cpp */; };
		1858648722D0C9FB00BCFC3E /* priorityQueue.cpp in Sources */ = {isa = PBXBuildFile; fileRef = 1858647E22D0C90F00BCFC3E /* priorityQueue.cpp */; };
		1858648B22D0CAB800BCFC3E /* map.cpp in Sources */ = {isa = PBXBuildFile; fileRef = 1858648922D0CAB800BCFC3E /* map.cpp */; };
		1858648E22D0D6D300BCFC3E /* 20-isValid.cpp in Sources */ = {isa = PBXBuildFile; fileRef = 1858648C22D0D6D300BCFC3E /* 20-isValid.cpp */; };
		1880A7EA22CA46B7003493A7 /* SortEntry.cpp in Sources */ = {isa = PBXBuildFile; fileRef = 1880A7E822CA46B7003493A7 /* SortEntry.cpp */; };
		189D84CF22F6693D00D4E1A7 /* 105-buildTree.cpp in Sources */ = {isa = PBXBuildFile; fileRef = 189D84CD22F6693D00D4E1A7 /* 105-buildTree.cpp */; };
		189D84D322F6AF7D00D4E1A7 /* 106-buildTree.cpp in Sources */ = {isa = PBXBuildFile; fileRef = 189D84D122F6AF7D00D4E1A7 /* 106-buildTree.cpp */; };
		189D84D722F6C98B00D4E1A7 /* 226-invertTree.cpp in Sources */ = {isa = PBXBuildFile; fileRef = 189D84D522F6C98B00D4E1A7 /* 226-invertTree.cpp */; };
		189D84DB22F6DBF600D4E1A7 /* 199-rightSideView.cpp in Sources */ = {isa = PBXBuildFile; fileRef = 189D84D922F6DBF600D4E1A7 /* 199-rightSideView.cpp */; };
		18AA35BC22FE69400069D479 /* 108-sortedArrayToBST.cpp in Sources */ = {isa = PBXBuildFile; fileRef = 18AA35BA22FE69400069D479 /* 108-sortedArrayToBST.cpp */; };
		18B30A9D22D0FF92001EFB36 /* 56-merge.cpp in Sources */ = {isa = PBXBuildFile; fileRef = 18B30A9B22D0FF92001EFB36 /* 56-merge.cpp */; };
		18B7FD1522D6BE450037BEBA /* 179-largestNumber.cpp in Sources */ = {isa = PBXBuildFile; fileRef = 18B7FD1322D6BE450037BEBA /* 179-largestNumber.cpp */; };
		18BA68A322DF619C000870FF /* OfferMain.cpp in Sources */ = {isa = PBXBuildFile; fileRef = 18BA68A122DF619C000870FF /* OfferMain.cpp */; };
		18BA68A722DF627E000870FF /* 03-duplicate.cpp in Sources */ = {isa = PBXBuildFile; fileRef = 18BA68A522DF627E000870FF /* 03-duplicate.cpp */; };
		18C5791D22DBFB1A000FE701 /* 98-isValidBST.cpp in Sources */ = {isa = PBXBuildFile; fileRef = 18C5791B22DBFB1A000FE701 /* 98-isValidBST.cpp */; };
		18C5792022DBFFF4000FE701 /* TreeHelper.cpp in Sources */ = {isa = PBXBuildFile; fileRef = 18C5791E22DBFFF4000FE701 /* TreeHelper.cpp */; };
		18D6062A22ED999C004E721F /* 102-levelOrder.cpp in Sources */ = {isa = PBXBuildFile; fileRef = 18D6062822ED999C004E721F /* 102-levelOrder.cpp */; };
		18D6062D22EDAC36004E721F /* STLHelper.cpp in Sources */ = {isa = PBXBuildFile; fileRef = 18D6062B22EDAC36004E721F /* STLHelper.cpp */; };
		18E6C30D22D1A6290063B521 /* 349-intersection.cpp in Sources */ = {isa = PBXBuildFile; fileRef = 18E6C30B22D1A6290063B521 /* 349-intersection.cpp */; };
		18F31CEF2304E1FC000AB5FB /* 230-kthSmallest.cpp in Sources */ = {isa = PBXBuildFile; fileRef = 18F31CED2304E1FC000AB5FB /* 230-kthSmallest.cpp */; };
/* End PBXBuildFile section */

/* Begin PBXCopyFilesBuildPhase section */
		08016C9A22B4BE3300492DC5 /* CopyFiles */ = {
			isa = PBXCopyFilesBuildPhase;
			buildActionMask = 2147483647;
			dstPath = /usr/share/man/man1/;
			dstSubfolderSpec = 0;
			files = (
			);
			runOnlyForDeploymentPostprocessing = 1;
		};
		083DE18B1F1D0677005916BB /* CopyFiles */ = {
			isa = PBXCopyFilesBuildPhase;
			buildActionMask = 2147483647;
			dstPath = /usr/share/man/man1/;
			dstSubfolderSpec = 0;
			files = (
			);
			runOnlyForDeploymentPostprocessing = 1;
		};
		18256C0F22D0C8ED0080405D /* CopyFiles */ = {
			isa = PBXCopyFilesBuildPhase;
			buildActionMask = 2147483647;
			dstPath = /usr/share/man/man1/;
			dstSubfolderSpec = 0;
			files = (
			);
			runOnlyForDeploymentPostprocessing = 1;
		};
/* End PBXCopyFilesBuildPhase section */

/* Begin PBXFileReference section */
		08016C9C22B4BE3300492DC5 /* LeetCode */ = {isa = PBXFileReference; explicitFileType = "compiled.mach-o.executable"; includeInIndex = 0; path = LeetCode; sourceTree = BUILT_PRODUCTS_DIR; };
		08016CB322B4BF7600492DC5 /* 703-KthLargest.hpp */ = {isa = PBXFileReference; fileEncoding = 4; lastKnownFileType = sourcecode.cpp.h; path = "703-KthLargest.hpp"; sourceTree = "<group>"; };
		08016CB422B4BF7600492DC5 /* 347-topKFrequent.cpp */ = {isa = PBXFileReference; fileEncoding = 4; lastKnownFileType = sourcecode.cpp.cpp; path = "347-topKFrequent.cpp"; sourceTree = "<group>"; };
		08016CB522B4BF7600492DC5 /* 387-firstUniqChar.hpp */ = {isa = PBXFileReference; fileEncoding = 4; lastKnownFileType = sourcecode.cpp.h; path = "387-firstUniqChar.hpp"; sourceTree = "<group>"; };
		08016CB622B4BF7600492DC5 /* 23-mergeKLists.cpp */ = {isa = PBXFileReference; fileEncoding = 4; lastKnownFileType = sourcecode.cpp.cpp; path = "23-mergeKLists.cpp"; sourceTree = "<group>"; };
		08016CB722B4BF7600492DC5 /* 23-mergeKLists.hpp */ = {isa = PBXFileReference; fileEncoding = 4; lastKnownFileType = sourcecode.cpp.h; path = "23-mergeKLists.hpp"; sourceTree = "<group>"; };
		08016CB822B4BF7600492DC5 /* 703-KthLargest.cpp */ = {isa = PBXFileReference; fileEncoding = 4; lastKnownFileType = sourcecode.cpp.cpp; path = "703-KthLargest.cpp"; sourceTree = "<group>"; };
		08016CB922B4BF7600492DC5 /* main.cpp */ = {isa = PBXFileReference; fileEncoding = 4; lastKnownFileType = sourcecode.cpp.cpp; path = main.cpp; sourceTree = "<group>"; };
		08016CBA22B4BF7700492DC5 /* 347-topKFrequent.hpp */ = {isa = PBXFileReference; fileEncoding = 4; lastKnownFileType = sourcecode.cpp.h; path = "347-topKFrequent.hpp"; sourceTree = "<group>"; };
		08016CBB22B4BF7700492DC5 /* 387-firstUniqChar.cpp */ = {isa = PBXFileReference; fileEncoding = 4; lastKnownFileType = sourcecode.cpp.cpp; path = "387-firstUniqChar.cpp"; sourceTree = "<group>"; };
		08142AA21F68318C0008991E /* DenseGraph.cpp */ = {isa = PBXFileReference; fileEncoding = 4; lastKnownFileType = sourcecode.cpp.cpp; path = DenseGraph.cpp; sourceTree = "<group>"; };
		08142AA31F68318C0008991E /* DenseGraph.hpp */ = {isa = PBXFileReference; fileEncoding = 4; lastKnownFileType = sourcecode.cpp.h; path = DenseGraph.hpp; sourceTree = "<group>"; };
		08142AA61F68318C0008991E /* BubbleSort.hpp */ = {isa = PBXFileReference; fileEncoding = 4; lastKnownFileType = sourcecode.cpp.h; path = BubbleSort.hpp; sourceTree = "<group>"; };
		08142AA81F68318C0008991E /* HeapSort.hpp */ = {isa = PBXFileReference; fileEncoding = 4; lastKnownFileType = sourcecode.cpp.h; path = HeapSort.hpp; sourceTree = "<group>"; };
		08142AA91F68318C0008991E /* InsertionSort.hpp */ = {isa = PBXFileReference; fileEncoding = 4; lastKnownFileType = sourcecode.cpp.h; path = InsertionSort.hpp; sourceTree = "<group>"; };
		08142AAA1F68318C0008991E /* MergeSort.hpp */ = {isa = PBXFileReference; fileEncoding = 4; lastKnownFileType = sourcecode.cpp.h; path = MergeSort.hpp; sourceTree = "<group>"; };
		08142AAC1F68318C0008991E /* QuickSort.hpp */ = {isa = PBXFileReference; fileEncoding = 4; lastKnownFileType = sourcecode.cpp.h; path = QuickSort.hpp; sourceTree = "<group>"; };
		08142AAD1F68318C0008991E /* SelectionSort.hpp */ = {isa = PBXFileReference; fileEncoding = 4; lastKnownFileType = sourcecode.cpp.h; path = SelectionSort.hpp; sourceTree = "<group>"; };
		08142AAE1F68318C0008991E /* ShellSort.hpp */ = {isa = PBXFileReference; fileEncoding = 4; lastKnownFileType = sourcecode.cpp.h; path = ShellSort.hpp; sourceTree = "<group>"; };
		08142AAF1F68318C0008991E /* SortTestHelper.hpp */ = {isa = PBXFileReference; fileEncoding = 4; lastKnownFileType = sourcecode.cpp.h; path = SortTestHelper.hpp; sourceTree = "<group>"; };
		08142AB11F68318C0008991E /* BST.cpp */ = {isa = PBXFileReference; fileEncoding = 4; lastKnownFileType = sourcecode.cpp.cpp; path = BST.cpp; sourceTree = "<group>"; };
		08142AB21F68318C0008991E /* BST.hpp */ = {isa = PBXFileReference; fileEncoding = 4; lastKnownFileType = sourcecode.cpp.h; path = BST.hpp; sourceTree = "<group>"; };
		08142AB31F68318C0008991E /* FileOps.cpp */ = {isa = PBXFileReference; fileEncoding = 4; lastKnownFileType = sourcecode.cpp.cpp; path = FileOps.cpp; sourceTree = "<group>"; };
		08142AB41F68318C0008991E /* FileOps.hpp */ = {isa = PBXFileReference; fileEncoding = 4; lastKnownFileType = sourcecode.cpp.h; path = FileOps.hpp; sourceTree = "<group>"; };
		08142AB51F68318C0008991E /* IndexMaxHeap.cpp */ = {isa = PBXFileReference; fileEncoding = 4; lastKnownFileType = sourcecode.cpp.cpp; path = IndexMaxHeap.cpp; sourceTree = "<group>"; };
		08142AB61F68318C0008991E /* IndexMaxHeap.hpp */ = {isa = PBXFileReference; fileEncoding = 4; lastKnownFileType = sourcecode.cpp.h; path = IndexMaxHeap.hpp; sourceTree = "<group>"; };
		08142AB71F68318C0008991E /* MaxHeap.cpp */ = {isa = PBXFileReference; fileEncoding = 4; lastKnownFileType = sourcecode.cpp.cpp; path = MaxHeap.cpp; sourceTree = "<group>"; };
		08142AB81F68318C0008991E /* MaxHeap.hpp */ = {isa = PBXFileReference; fileEncoding = 4; lastKnownFileType = sourcecode.cpp.h; path = MaxHeap.hpp; sourceTree = "<group>"; };
		08142AB91F68318C0008991E /* SequenceST.cpp */ = {isa = PBXFileReference; fileEncoding = 4; lastKnownFileType = sourcecode.cpp.cpp; path = SequenceST.cpp; sourceTree = "<group>"; };
		08142ABA1F68318C0008991E /* SequenceST.hpp */ = {isa = PBXFileReference; fileEncoding = 4; lastKnownFileType = sourcecode.cpp.h; path = SequenceST.hpp; sourceTree = "<group>"; };
		08142ABC1F68318C0008991E /* UnionFind1.cpp */ = {isa = PBXFileReference; fileEncoding = 4; lastKnownFileType = sourcecode.cpp.cpp; path = UnionFind1.cpp; sourceTree = "<group>"; };
		08142ABD1F68318C0008991E /* UnionFind1.hpp */ = {isa = PBXFileReference; fileEncoding = 4; lastKnownFileType = sourcecode.cpp.h; path = UnionFind1.hpp; sourceTree = "<group>"; };
		08142ABE1F68318C0008991E /* UnionFind2.cpp */ = {isa = PBXFileReference; fileEncoding = 4; lastKnownFileType = sourcecode.cpp.cpp; path = UnionFind2.cpp; sourceTree = "<group>"; };
		08142ABF1F68318C0008991E /* UnionFind2.hpp */ = {isa = PBXFileReference; fileEncoding = 4; lastKnownFileType = sourcecode.cpp.h; path = UnionFind2.hpp; sourceTree = "<group>"; };
		08142AC01F68318C0008991E /* UnionFind3.cpp */ = {isa = PBXFileReference; fileEncoding = 4; lastKnownFileType = sourcecode.cpp.cpp; path = UnionFind3.cpp; sourceTree = "<group>"; };
		08142AC11F68318C0008991E /* UnionFind3.hpp */ = {isa = PBXFileReference; fileEncoding = 4; lastKnownFileType = sourcecode.cpp.h; path = UnionFind3.hpp; sourceTree = "<group>"; };
		08142AC21F68318C0008991E /* UnionFind4.cpp */ = {isa = PBXFileReference; fileEncoding = 4; lastKnownFileType = sourcecode.cpp.cpp; path = UnionFind4.cpp; sourceTree = "<group>"; };
		08142AC31F68318C0008991E /* UnionFind4.hpp */ = {isa = PBXFileReference; fileEncoding = 4; lastKnownFileType = sourcecode.cpp.h; path = UnionFind4.hpp; sourceTree = "<group>"; };
		08142AC41F68318C0008991E /* UnionFind5.cpp */ = {isa = PBXFileReference; fileEncoding = 4; lastKnownFileType = sourcecode.cpp.cpp; path = UnionFind5.cpp; sourceTree = "<group>"; };
		08142AC51F68318C0008991E /* UnionFind5.hpp */ = {isa = PBXFileReference; fileEncoding = 4; lastKnownFileType = sourcecode.cpp.h; path = UnionFind5.hpp; sourceTree = "<group>"; };
		08142AC61F68318C0008991E /* UnionTestHelper.hpp */ = {isa = PBXFileReference; fileEncoding = 4; lastKnownFileType = sourcecode.cpp.h; path = UnionTestHelper.hpp; sourceTree = "<group>"; };
		08142AD61F6831F70008991E /* Student.cpp */ = {isa = PBXFileReference; fileEncoding = 4; lastKnownFileType = sourcecode.cpp.cpp; path = Student.cpp; sourceTree = "<group>"; };
		08142AD71F6831F70008991E /* Student.hpp */ = {isa = PBXFileReference; fileEncoding = 4; lastKnownFileType = sourcecode.cpp.h; path = Student.hpp; sourceTree = "<group>"; };
		08142ADA1F6832050008991E /* BinarySearch.cpp */ = {isa = PBXFileReference; lastKnownFileType = sourcecode.cpp.cpp; path = BinarySearch.cpp; sourceTree = "<group>"; };
		08142ADB1F6832050008991E /* BinarySearch.hpp */ = {isa = PBXFileReference; lastKnownFileType = sourcecode.cpp.h; path = BinarySearch.hpp; sourceTree = "<group>"; };
		08142ADC1F6973A30008991E /* SparseGraph.cpp */ = {isa = PBXFileReference; fileEncoding = 4; lastKnownFileType = sourcecode.cpp.cpp; path = SparseGraph.cpp; sourceTree = "<group>"; };
		08142ADD1F6973A30008991E /* SparseGraph.hpp */ = {isa = PBXFileReference; fileEncoding = 4; lastKnownFileType = sourcecode.cpp.h; path = SparseGraph.hpp; sourceTree = "<group>"; };
		08142ADF1F697E260008991E /* GraphTest.cpp */ = {isa = PBXFileReference; fileEncoding = 4; lastKnownFileType = sourcecode.cpp.cpp; path = GraphTest.cpp; sourceTree = "<group>"; };
		08142AE01F697E260008991E /* GraphTest.hpp */ = {isa = PBXFileReference; fileEncoding = 4; lastKnownFileType = sourcecode.cpp.h; path = GraphTest.hpp; sourceTree = "<group>"; };
		0823CA671F5BA6F400CF56D1 /* bible.rtf */ = {isa = PBXFileReference; fileEncoding = 4; lastKnownFileType = text.rtf; path = bible.rtf; sourceTree = "<group>"; };
		083DE18D1F1D0677005916BB /* Algorithm */ = {isa = PBXFileReference; explicitFileType = "compiled.mach-o.executable"; includeInIndex = 0; path = Algorithm; sourceTree = BUILT_PRODUCTS_DIR; };
		083DE1901F1D0677005916BB /* main.cpp */ = {isa = PBXFileReference; lastKnownFileType = sourcecode.cpp.cpp; path = main.cpp; sourceTree = "<group>"; };
		0893C9FF229E128C0086F6EB /* DoublyLinkedList.cpp */ = {isa = PBXFileReference; lastKnownFileType = sourcecode.cpp.cpp; path = DoublyLinkedList.cpp; sourceTree = "<group>"; };
		0893CA00229E128C0086F6EB /* DoublyLinkedList.hpp */ = {isa = PBXFileReference; lastKnownFileType = sourcecode.cpp.h; path = DoublyLinkedList.hpp; sourceTree = "<group>"; };
		0893CA0222A019E30086F6EB /* Utils.h */ = {isa = PBXFileReference; lastKnownFileType = sourcecode.c.h; path = Utils.h; sourceTree = "<group>"; };
		0893CA0322A019E30086F6EB /* Utils.c */ = {isa = PBXFileReference; lastKnownFileType = sourcecode.c.c; path = Utils.c; sourceTree = "<group>"; };
		08DC60091F6AC8B000296490 /* Component.cpp */ = {isa = PBXFileReference; fileEncoding = 4; lastKnownFileType = sourcecode.cpp.cpp; path = Component.cpp; sourceTree = "<group>"; };
		08DC600A1F6AC8B000296490 /* Component.hpp */ = {isa = PBXFileReference; fileEncoding = 4; lastKnownFileType = sourcecode.cpp.h; path = Component.hpp; sourceTree = "<group>"; };
		08DC600C1F6B4CEA00296490 /* ReadGraph.cpp */ = {isa = PBXFileReference; fileEncoding = 4; lastKnownFileType = sourcecode.cpp.cpp; path = ReadGraph.cpp; sourceTree = "<group>"; };
		08DC600D1F6B4CEA00296490 /* ReadGraph.hpp */ = {isa = PBXFileReference; fileEncoding = 4; lastKnownFileType = sourcecode.cpp.h; path = ReadGraph.hpp; sourceTree = "<group>"; };
		08E47BA72299488D00FCA0A5 /* MyArray.cpp */ = {isa = PBXFileReference; lastKnownFileType = sourcecode.cpp.cpp; path = MyArray.cpp; sourceTree = "<group>"; };
		08E47BA82299488D00FCA0A5 /* MyArray.hpp */ = {isa = PBXFileReference; lastKnownFileType = sourcecode.cpp.h; path = MyArray.hpp; sourceTree = "<group>"; };
		08E47BAB229A52FA00FCA0A5 /* LRUCache.cpp */ = {isa = PBXFileReference; lastKnownFileType = sourcecode.cpp.cpp; path = LRUCache.cpp; sourceTree = "<group>"; };
		08E47BAC229A52FA00FCA0A5 /* LRUCache.hpp */ = {isa = PBXFileReference; lastKnownFileType = sourcecode.cpp.h; path = LRUCache.hpp; sourceTree = "<group>"; };
		08E47BB0229C1FED00FCA0A5 /* SingleLinkedList.cpp */ = {isa = PBXFileReference; lastKnownFileType = sourcecode.cpp.cpp; path = SingleLinkedList.cpp; sourceTree = "<group>"; };
		08E47BB1229C1FED00FCA0A5 /* SingleLinkedList.hpp */ = {isa = PBXFileReference; lastKnownFileType = sourcecode.cpp.h; path = SingleLinkedList.hpp; sourceTree = "<group>"; };
		1811585222DFF1A9002693CC /* 100-isSameTree.cpp */ = {isa = PBXFileReference; lastKnownFileType = sourcecode.cpp.cpp; path = "100-isSameTree.cpp"; sourceTree = "<group>"; };
		1811585322DFF1A9002693CC /* 100-isSameTree.hpp */ = {isa = PBXFileReference; lastKnownFileType = sourcecode.cpp.h; path = "100-isSameTree.hpp"; sourceTree = "<group>"; };
		1814CCFA22D1E0330088D969 /* 148-sortList.cpp */ = {isa = PBXFileReference; lastKnownFileType = sourcecode.cpp.cpp; path = "148-sortList.cpp"; sourceTree = "<group>"; };
		1814CCFB22D1E0330088D969 /* 148-sortList.hpp */ = {isa = PBXFileReference; lastKnownFileType = sourcecode.cpp.h; path = "148-sortList.hpp"; sourceTree = "<group>"; };
		1814CCFD22D1F1C50088D969 /* LinkedListHelper.cpp */ = {isa = PBXFileReference; lastKnownFileType = sourcecode.cpp.cpp; path = LinkedListHelper.cpp; sourceTree = "<group>"; };
		1814CCFE22D1F1C50088D969 /* LinkedListHelper.hpp */ = {isa = PBXFileReference; lastKnownFileType = sourcecode.cpp.h; path = LinkedListHelper.hpp; sourceTree = "<group>"; };
		18208B4522D963FA00F5823E /* 220-duplicate.cpp */ = {isa = PBXFileReference; lastKnownFileType = sourcecode.cpp.cpp; path = "220-duplicate.cpp"; sourceTree = "<group>"; };
		18208B4622D963FA00F5823E /* 220-duplicate.hpp */ = {isa = PBXFileReference; lastKnownFileType = sourcecode.cpp.h; path = "220-duplicate.hpp"; sourceTree = "<group>"; };
		18208B4922D9890000F5823E /* 922-sortArrayByParityII.cpp */ = {isa = PBXFileReference; lastKnownFileType = sourcecode.cpp.cpp; path = "922-sortArrayByParityII.cpp"; sourceTree = "<group>"; };
		18208B4A22D9890000F5823E /* 922-sortArrayByParityII.hpp */ = {isa = PBXFileReference; lastKnownFileType = sourcecode.cpp.h; path = "922-sortArrayByParityII.hpp"; sourceTree = "<group>"; };
		1821144D22DA23A2003EBCB3 /* BinaryTree.cpp */ = {isa = PBXFileReference; lastKnownFileType = sourcecode.cpp.cpp; path = BinaryTree.cpp; sourceTree = "<group>"; };
		1821144E22DA23A2003EBCB3 /* BinaryTree.hpp */ = {isa = PBXFileReference; lastKnownFileType = sourcecode.cpp.h; path = BinaryTree.hpp; sourceTree = "<group>"; };
		18256C1122D0C8ED0080405D /* CPPSTL */ = {isa = PBXFileReference; explicitFileType = "compiled.mach-o.executable"; includeInIndex = 0; path = CPPSTL; sourceTree = BUILT_PRODUCTS_DIR; };
		18256C1322D0C8ED0080405D /* main.cpp */ = {isa = PBXFileReference; lastKnownFileType = sourcecode.cpp.cpp; path = main.cpp; sourceTree = "<group>"; };
		182573E122FA56020013EBA8 /* 129-sumNumbers.cpp */ = {isa = PBXFileReference; lastKnownFileType = sourcecode.cpp.cpp; path = "129-sumNumbers.cpp"; sourceTree = "<group>"; };
		182573E222FA56020013EBA8 /* 129-sumNumbers.hpp */ = {isa = PBXFileReference; lastKnownFileType = sourcecode.cpp.h; path = "129-sumNumbers.hpp"; sourceTree = "<group>"; };
		182ACDFF22EFBD8300BD4445 /* 101-isSymmetric.cpp */ = {isa = PBXFileReference; lastKnownFileType = sourcecode.cpp.cpp; path = "101-isSymmetric.cpp"; sourceTree = "<group>"; };
		182ACE0022EFBD8300BD4445 /* 101-isSymmetric.hpp */ = {isa = PBXFileReference; lastKnownFileType = sourcecode.cpp.h; path = "101-isSymmetric.hpp"; sourceTree = "<group>"; };
		1833C0C22306DEBC006D7287 /* 46-permute.cpp */ = {isa = PBXFileReference; lastKnownFileType = sourcecode.cpp.cpp; path = "46-permute.cpp"; sourceTree = "<group>"; };
		1833C0C32306DEBC006D7287 /* 46-permute.hpp */ = {isa = PBXFileReference; lastKnownFileType = sourcecode.cpp.h; path = "46-permute.hpp"; sourceTree = "<group>"; };
		1833C0C62307D4E1006D7287 /* 17-letterCombinations.cpp */ = {isa = PBXFileReference; lastKnownFileType = sourcecode.cpp.cpp; path = "17-letterCombinations.cpp"; sourceTree = "<group>"; };
		1833C0C72307D4E1006D7287 /* 17-letterCombinations.hpp */ = {isa = PBXFileReference; lastKnownFileType = sourcecode.cpp.h; path = "17-letterCombinations.hpp"; sourceTree = "<group>"; };
		1833C0CB2307E6BC006D7287 /* 784-letterCasePermutation.cpp */ = {isa = PBXFileReference; lastKnownFileType = sourcecode.cpp.cpp; path = "784-letterCasePermutation.cpp"; sourceTree = "<group>"; };
		1833C0CC2307E6BC006D7287 /* 784-letterCasePermutation.hpp */ = {isa = PBXFileReference; lastKnownFileType = sourcecode.cpp.h; path = "784-letterCasePermutation.hpp"; sourceTree = "<group>"; };
		1833C0CF2307F4D2006D7287 /* 47-permuteUnique.cpp */ = {isa = PBXFileReference; lastKnownFileType = sourcecode.cpp.cpp; path = "47-permuteUnique.cpp"; sourceTree = "<group>"; };
		1833C0D02307F4D2006D7287 /* 47-permuteUnique.hpp */ = {isa = PBXFileReference; lastKnownFileType = sourcecode.cpp.h; path = "47-permuteUnique.hpp"; sourceTree = "<group>"; };
		1833C0D32308F0F3006D7287 /* 77-combine.cpp */ = {isa = PBXFileReference; lastKnownFileType = sourcecode.cpp.cpp; path = "77-combine.cpp"; sourceTree = "<group>"; };
		1833C0D42308F0F3006D7287 /* 77-combine.hpp */ = {isa = PBXFileReference; lastKnownFileType = sourcecode.cpp.h; path = "77-combine.hpp"; sourceTree = "<group>"; };
		1833C0D723091289006D7287 /* 39-combinationSum.cpp */ = {isa = PBXFileReference; lastKnownFileType = sourcecode.cpp.cpp; path = "39-combinationSum.cpp"; sourceTree = "<group>"; };
		1833C0D823091289006D7287 /* 39-combinationSum.hpp */ = {isa = PBXFileReference; lastKnownFileType = sourcecode.cpp.h; path = "39-combinationSum.hpp"; sourceTree = "<group>"; };
		1833C0DB230956D4006D7287 /* 40-combinationSum2.cpp */ = {isa = PBXFileReference; lastKnownFileType = sourcecode.cpp.cpp; path = "40-combinationSum2.cpp"; sourceTree = "<group>"; };
		1833C0DC230956D4006D7287 /* 40-combinationSum2.hpp */ = {isa = PBXFileReference; lastKnownFileType = sourcecode.cpp.h; path = "40-combinationSum2.hpp"; sourceTree = "<group>"; };
		1835119E22F26C3500968475 /* 145-postorderTraversal.cpp */ = {isa = PBXFileReference; lastKnownFileType = sourcecode.cpp.cpp; path = "145-postorderTraversal.cpp"; sourceTree = "<group>"; };
		1835119F22F26C3500968475 /* 145-postorderTraversal.hpp */ = {isa = PBXFileReference; lastKnownFileType = sourcecode.cpp.h; path = "145-postorderTraversal.hpp"; sourceTree = "<group>"; };
		18367C7C22D801D900F59043 /* 217-duplicate.cpp */ = {isa = PBXFileReference; lastKnownFileType = sourcecode.cpp.cpp; path = "217-duplicate.cpp"; sourceTree = "<group>"; };
		18367C7D22D801D900F59043 /* 217-duplicate.hpp */ = {isa = PBXFileReference; lastKnownFileType = sourcecode.cpp.h; path = "217-duplicate.hpp"; sourceTree = "<group>"; };
		18367C8022D80E4D00F59043 /* 219-duplicate.cpp */ = {isa = PBXFileReference; lastKnownFileType = sourcecode.cpp.cpp; path = "219-duplicate.cpp"; sourceTree = "<group>"; };
		18367C8122D80E4D00F59043 /* 219-duplicate.hpp */ = {isa = PBXFileReference; lastKnownFileType = sourcecode.cpp.h; path = "219-duplicate.hpp"; sourceTree = "<group>"; };
		18404ED322E2CF2E00D4034E /* 112-hasPathSum.cpp */ = {isa = PBXFileReference; lastKnownFileType = sourcecode.cpp.cpp; path = "112-hasPathSum.cpp"; sourceTree = "<group>"; };
		18404ED422E2CF2E00D4034E /* 112-hasPathSum.hpp */ = {isa = PBXFileReference; lastKnownFileType = sourcecode.cpp.h; path = "112-hasPathSum.hpp"; sourceTree = "<group>"; };
		18404ED822E30DB800D4034E /* 113-hasPathSumll.cpp */ = {isa = PBXFileReference; lastKnownFileType = sourcecode.cpp.cpp; path = "113-hasPathSumll.cpp"; sourceTree = "<group>"; };
		18404ED922E30DB800D4034E /* 113-hasPathSumll.hpp */ = {isa = PBXFileReference; lastKnownFileType = sourcecode.cpp.h; path = "113-hasPathSumll.hpp"; sourceTree = "<group>"; };
		18404EDC22E3408600D4034E /* 257-binaryTreePaths.cpp */ = {isa = PBXFileReference; lastKnownFileType = sourcecode.cpp.cpp; path = "257-binaryTreePaths.cpp"; sourceTree = "<group>"; };
		18404EDD22E3408600D4034E /* 257-binaryTreePaths.hpp */ = {isa = PBXFileReference; lastKnownFileType = sourcecode.cpp.h; path = "257-binaryTreePaths.hpp"; sourceTree = "<group>"; };
		1846690622E5358700D452C4 /* 437-PathSumIII.cpp */ = {isa = PBXFileReference; lastKnownFileType = sourcecode.cpp.cpp; path = "437-PathSumIII.cpp"; sourceTree = "<group>"; };
		1846690722E5358700D452C4 /* 437-PathSumIII.hpp */ = {isa = PBXFileReference; lastKnownFileType = sourcecode.cpp.h; path = "437-PathSumIII.hpp"; sourceTree = "<group>"; };
		1848ABA022D62F9B007F0F61 /* 206-reverseList.cpp */ = {isa = PBXFileReference; lastKnownFileType = sourcecode.cpp.cpp; path = "206-reverseList.cpp"; sourceTree = "<group>"; };
		1848ABA122D62F9B007F0F61 /* 206-reverseList.hpp */ = {isa = PBXFileReference; lastKnownFileType = sourcecode.cpp.h; path = "206-reverseList.hpp"; sourceTree = "<group>"; };
		184BCAB52304DA8E0029EFE8 /* 109-sortedListToBST.cpp */ = {isa = PBXFileReference; lastKnownFileType = sourcecode.cpp.cpp; path = "109-sortedListToBST.cpp"; sourceTree = "<group>"; };
		184BCAB62304DA8E0029EFE8 /* 109-sortedListToBST.hpp */ = {isa = PBXFileReference; lastKnownFileType = sourcecode.cpp.h; path = "109-sortedListToBST.hpp"; sourceTree = "<group>"; };
		185068B422D77929000A05AE /* string.cpp */ = {isa = PBXFileReference; lastKnownFileType = sourcecode.cpp.cpp; path = string.cpp; sourceTree = "<group>"; };
		185068B522D77929000A05AE /* string.hpp */ = {isa = PBXFileReference; lastKnownFileType = sourcecode.cpp.h; path = string.hpp; sourceTree = "<group>"; };
		1858647E22D0C90F00BCFC3E /* priorityQueue.cpp */ = {isa = PBXFileReference; fileEncoding = 4; lastKnownFileType = sourcecode.cpp.cpp; path = priorityQueue.cpp; sourceTree = "<group>"; };
		1858647F22D0C90F00BCFC3E /* priorityQueue.hpp */ = {isa = PBXFileReference; fileEncoding = 4; lastKnownFileType = sourcecode.cpp.h; path = priorityQueue.hpp; sourceTree = "<group>"; };
		1858648222D0C91600BCFC3E /* set.cpp */ = {isa = PBXFileReference; fileEncoding = 4; lastKnownFileType = sourcecode.cpp.cpp; path = set.cpp; sourceTree = "<group>"; };
		1858648322D0C91600BCFC3E /* set.hpp */ = {isa = PBXFileReference; fileEncoding = 4; lastKnownFileType = sourcecode.cpp.h; path = set.hpp; sourceTree = "<group>"; };
		1858648922D0CAB800BCFC3E /* map.cpp */ = {isa = PBXFileReference; lastKnownFileType = sourcecode.cpp.cpp; path = map.cpp; sourceTree = "<group>"; };
		1858648A22D0CAB800BCFC3E /* map.hpp */ = {isa = PBXFileReference; lastKnownFileType = sourcecode.cpp.h; path = map.hpp; sourceTree = "<group>"; };
		1858648C22D0D6D300BCFC3E /* 20-isValid.cpp */ = {isa = PBXFileReference; lastKnownFileType = sourcecode.cpp.cpp; path = "20-isValid.cpp"; sourceTree = "<group>"; };
		1858648D22D0D6D300BCFC3E /* 20-isValid.hpp */ = {isa = PBXFileReference; lastKnownFileType = sourcecode.cpp.h; path = "20-isValid.hpp"; sourceTree = "<group>"; };
		1880A7E822CA46B7003493A7 /* SortEntry.cpp */ = {isa = PBXFileReference; lastKnownFileType = sourcecode.cpp.cpp; path = SortEntry.cpp; sourceTree = "<group>"; };
		1880A7E922CA46B7003493A7 /* SortEntry.hpp */ = {isa = PBXFileReference; lastKnownFileType = sourcecode.cpp.h; path = SortEntry.hpp; sourceTree = "<group>"; };
		189D84CD22F6693D00D4E1A7 /* 105-buildTree.cpp */ = {isa = PBXFileReference; lastKnownFileType = sourcecode.cpp.cpp; path = "105-buildTree.cpp"; sourceTree = "<group>"; };
		189D84CE22F6693D00D4E1A7 /* 105-buildTree.hpp */ = {isa = PBXFileReference; lastKnownFileType = sourcecode.cpp.h; path = "105-buildTree.hpp"; sourceTree = "<group>"; };
		189D84D122F6AF7D00D4E1A7 /* 106-buildTree.cpp */ = {isa = PBXFileReference; lastKnownFileType = sourcecode.cpp.cpp; path = "106-buildTree.cpp"; sourceTree = "<group>"; };
		189D84D222F6AF7D00D4E1A7 /* 106-buildTree.hpp */ = {isa = PBXFileReference; lastKnownFileType = sourcecode.cpp.h; path = "106-buildTree.hpp"; sourceTree = "<group>"; };
		189D84D522F6C98B00D4E1A7 /* 226-invertTree.cpp */ = {isa = PBXFileReference; lastKnownFileType = sourcecode.cpp.cpp; path = "226-invertTree.cpp"; sourceTree = "<group>"; };
		189D84D622F6C98B00D4E1A7 /* 226-invertTree.hpp */ = {isa = PBXFileReference; lastKnownFileType = sourcecode.cpp.h; path = "226-invertTree.hpp"; sourceTree = "<group>"; };
		189D84D922F6DBF600D4E1A7 /* 199-rightSideView.cpp */ = {isa = PBXFileReference; lastKnownFileType = sourcecode.cpp.cpp; path = "199-rightSideView.cpp"; sourceTree = "<group>"; };
		189D84DA22F6DBF600D4E1A7 /* 199-rightSideView.hpp */ = {isa = PBXFileReference; lastKnownFileType = sourcecode.cpp.h; path = "199-rightSideView.hpp"; sourceTree = "<group>"; };
		18AA35BA22FE69400069D479 /* 108-sortedArrayToBST.cpp */ = {isa = PBXFileReference; lastKnownFileType = sourcecode.cpp.cpp; path = "108-sortedArrayToBST.cpp"; sourceTree = "<group>"; };
		18AA35BB22FE69400069D479 /* 108-sortedArrayToBST.hpp */ = {isa = PBXFileReference; lastKnownFileType = sourcecode.cpp.h; path = "108-sortedArrayToBST.hpp"; sourceTree = "<group>"; };
		18AA35BE22FE81330069D479 /* testG1.txt */ = {isa = PBXFileReference; fileEncoding = 4; lastKnownFileType = text; path = testG1.txt; sourceTree = "<group>"; };
		18AA35BF22FE813B0069D479 /* testG2.txt */ = {isa = PBXFileReference; fileEncoding = 4; lastKnownFileType = text; path = testG2.txt; sourceTree = "<group>"; };
		18B30A9B22D0FF92001EFB36 /* 56-merge.cpp */ = {isa = PBXFileReference; lastKnownFileType = sourcecode.cpp.cpp; path = "56-merge.cpp"; sourceTree = "<group>"; };
		18B30A9C22D0FF92001EFB36 /* 56-merge.hpp */ = {isa = PBXFileReference; lastKnownFileType = sourcecode.cpp.h; path = "56-merge.hpp"; sourceTree = "<group>"; };
		18B7FD1322D6BE450037BEBA /* 179-largestNumber.cpp */ = {isa = PBXFileReference; lastKnownFileType = sourcecode.cpp.cpp; path = "179-largestNumber.cpp"; sourceTree = "<group>"; };
		18B7FD1422D6BE450037BEBA /* 179-largestNumber.hpp */ = {isa = PBXFileReference; lastKnownFileType = sourcecode.cpp.h; path = "179-largestNumber.hpp"; sourceTree = "<group>"; };
		18BA68A122DF619C000870FF /* OfferMain.cpp */ = {isa = PBXFileReference; lastKnownFileType = sourcecode.cpp.cpp; path = OfferMain.cpp; sourceTree = "<group>"; };
		18BA68A222DF619C000870FF /* OfferMain.hpp */ = {isa = PBXFileReference; lastKnownFileType = sourcecode.cpp.h; path = OfferMain.hpp; sourceTree = "<group>"; };
		18BA68A522DF627E000870FF /* 03-duplicate.cpp */ = {isa = PBXFileReference; lastKnownFileType = sourcecode.cpp.cpp; path = "03-duplicate.cpp"; sourceTree = "<group>"; };
		18BA68A622DF627E000870FF /* 03-duplicate.hpp */ = {isa = PBXFileReference; lastKnownFileType = sourcecode.cpp.h; path = "03-duplicate.hpp"; sourceTree = "<group>"; };
		18C5791B22DBFB1A000FE701 /* 98-isValidBST.cpp */ = {isa = PBXFileReference; lastKnownFileType = sourcecode.cpp.cpp; path = "98-isValidBST.cpp"; sourceTree = "<group>"; };
		18C5791C22DBFB1A000FE701 /* 98-isValidBST.hpp */ = {isa = PBXFileReference; lastKnownFileType = sourcecode.cpp.h; path = "98-isValidBST.hpp"; sourceTree = "<group>"; };
		18C5791E22DBFFF4000FE701 /* TreeHelper.cpp */ = {isa = PBXFileReference; lastKnownFileType = sourcecode.cpp.cpp; path = TreeHelper.cpp; sourceTree = "<group>"; };
		18C5791F22DBFFF4000FE701 /* TreeHelper.hpp */ = {isa = PBXFileReference; lastKnownFileType = sourcecode.cpp.h; path = TreeHelper.hpp; sourceTree = "<group>"; };
		18D6062822ED999C004E721F /* 102-levelOrder.cpp */ = {isa = PBXFileReference; lastKnownFileType = sourcecode.cpp.cpp; path = "102-levelOrder.cpp"; sourceTree = "<group>"; };
		18D6062922ED999C004E721F /* 102-levelOrder.hpp */ = {isa = PBXFileReference; lastKnownFileType = sourcecode.cpp.h; path = "102-levelOrder.hpp"; sourceTree = "<group>"; };
		18D6062B22EDAC36004E721F /* STLHelper.cpp */ = {isa = PBXFileReference; lastKnownFileType = sourcecode.cpp.cpp; path = STLHelper.cpp; sourceTree = "<group>"; };
		18D6062C22EDAC36004E721F /* STLHelper.hpp */ = {isa = PBXFileReference; lastKnownFileType = sourcecode.cpp.h; path = STLHelper.hpp; sourceTree = "<group>"; };
		18E6C30B22D1A6290063B521 /* 349-intersection.cpp */ = {isa = PBXFileReference; lastKnownFileType = sourcecode.cpp.cpp; path = "349-intersection.cpp"; sourceTree = "<group>"; };
		18E6C30C22D1A6290063B521 /* 349-intersection.hpp */ = {isa = PBXFileReference; lastKnownFileType = sourcecode.cpp.h; path = "349-intersection.hpp"; sourceTree = "<group>"; };
		18F31CED2304E1FC000AB5FB /* 230-kthSmallest.cpp */ = {isa = PBXFileReference; lastKnownFileType = sourcecode.cpp.cpp; path = "230-kthSmallest.cpp"; sourceTree = "<group>"; };
		18F31CEE2304E1FC000AB5FB /* 230-kthSmallest.hpp */ = {isa = PBXFileReference; lastKnownFileType = sourcecode.cpp.h; path = "230-kthSmallest.hpp"; sourceTree = "<group>"; };
/* End PBXFileReference section */

/* Begin PBXFrameworksBuildPhase section */
		08016C9922B4BE3300492DC5 /* Frameworks */ = {
			isa = PBXFrameworksBuildPhase;
			buildActionMask = 2147483647;
			files = (
			);
			runOnlyForDeploymentPostprocessing = 0;
		};
		083DE18A1F1D0677005916BB /* Frameworks */ = {
			isa = PBXFrameworksBuildPhase;
			buildActionMask = 2147483647;
			files = (
			);
			runOnlyForDeploymentPostprocessing = 0;
		};
		18256C0E22D0C8ED0080405D /* Frameworks */ = {
			isa = PBXFrameworksBuildPhase;
			buildActionMask = 2147483647;
			files = (
			);
			runOnlyForDeploymentPostprocessing = 0;
		};
/* End PBXFrameworksBuildPhase section */

/* Begin PBXGroup section */
		08016CB222B4BF7600492DC5 /* LeetCode */ = {
			isa = PBXGroup;
			children = (
				08016CB922B4BF7600492DC5 /* main.cpp */,
				18BA68A022DF611F000870FF /* CodingInterviews */,
				1814CD0022D1F5EC0088D969 /* Helper */,
				1833C0C52307D4C5006D7287 /* 17-letterCombinations */,
				18E6C30822D1723D0063B521 /* 20-isValid */,
				1833C0D623091270006D7287 /* 39-combinationSum */,
				1833C0DA230956BD006D7287 /* 40-combinationSum2 */,
				1833C0C12306DE93006D7287 /* 46-permute */,
				1833C0CE2307F4BE006D7287 /* 47-permuteUnique */,
				18B30A9A22D0FF7C001EFB36 /* 56-merge */,
				1833C0D22308F0DE006D7287 /* 77-combine */,
				18C5791A22DBFAE2000FE701 /* 98-isValidBST */,
				18F31CEC2304E165000AB5FB /* 100+ */,
				18F31CEB2304E15D000AB5FB /* 200+ */,
				18E6C30A22D1A5ED0063B521 /* 349-intersection */,
				1846690522E5355500D452C4 /* 437-PathSumIII */,
				1833C0C92307E69C006D7287 /* 700+ */,
				18208B4822D988D200F5823E /* 922-sortArrayByParityII */,
				08016CB722B4BF7600492DC5 /* 23-mergeKLists.hpp */,
				08016CB622B4BF7600492DC5 /* 23-mergeKLists.cpp */,
				08016CBA22B4BF7700492DC5 /* 347-topKFrequent.hpp */,
				08016CB422B4BF7600492DC5 /* 347-topKFrequent.cpp */,
				08016CB522B4BF7600492DC5 /* 387-firstUniqChar.hpp */,
				08016CBB22B4BF7700492DC5 /* 387-firstUniqChar.cpp */,
				08016CB322B4BF7600492DC5 /* 703-KthLargest.hpp */,
				08016CB822B4BF7600492DC5 /* 703-KthLargest.cpp */,
			);
			path = LeetCode;
			sourceTree = "<group>";
		};
		08142AA11F68318C0008991E /* Graph */ = {
			isa = PBXGroup;
			children = (
				08142ADF1F697E260008991E /* GraphTest.cpp */,
				08142AE01F697E260008991E /* GraphTest.hpp */,
				08142AA21F68318C0008991E /* DenseGraph.cpp */,
				08142AA31F68318C0008991E /* DenseGraph.hpp */,
				08142ADC1F6973A30008991E /* SparseGraph.cpp */,
				08142ADD1F6973A30008991E /* SparseGraph.hpp */,
				08DC600C1F6B4CEA00296490 /* ReadGraph.cpp */,
				08DC600D1F6B4CEA00296490 /* ReadGraph.hpp */,
				08DC60091F6AC8B000296490 /* Component.cpp */,
				08DC600A1F6AC8B000296490 /* Component.hpp */,
			);
			path = Graph;
			sourceTree = "<group>";
		};
		08142AA41F68318C0008991E /* Sort */ = {
			isa = PBXGroup;
			children = (
				1880A7E922CA46B7003493A7 /* SortEntry.hpp */,
				1880A7E822CA46B7003493A7 /* SortEntry.cpp */,
				08142AA61F68318C0008991E /* BubbleSort.hpp */,
				08142AA91F68318C0008991E /* InsertionSort.hpp */,
				08142AAD1F68318C0008991E /* SelectionSort.hpp */,
				08142AA81F68318C0008991E /* HeapSort.hpp */,
				08142AAA1F68318C0008991E /* MergeSort.hpp */,
				08142AAC1F68318C0008991E /* QuickSort.hpp */,
				08142AAE1F68318C0008991E /* ShellSort.hpp */,
				08142AAF1F68318C0008991E /* SortTestHelper.hpp */,
			);
			path = Sort;
			sourceTree = "<group>";
		};
		08142AB01F68318C0008991E /* Tree */ = {
			isa = PBXGroup;
			children = (
				08142AB11F68318C0008991E /* BST.cpp */,
				08142AB21F68318C0008991E /* BST.hpp */,
				08142AB31F68318C0008991E /* FileOps.cpp */,
				08142AB41F68318C0008991E /* FileOps.hpp */,
				08142AB51F68318C0008991E /* IndexMaxHeap.cpp */,
				08142AB61F68318C0008991E /* IndexMaxHeap.hpp */,
				08142AB71F68318C0008991E /* MaxHeap.cpp */,
				08142AB81F68318C0008991E /* MaxHeap.hpp */,
				08142AB91F68318C0008991E /* SequenceST.cpp */,
				08142ABA1F68318C0008991E /* SequenceST.hpp */,
				1821144D22DA23A2003EBCB3 /* BinaryTree.cpp */,
				1821144E22DA23A2003EBCB3 /* BinaryTree.hpp */,
			);
			path = Tree;
			sourceTree = "<group>";
		};
		08142ABB1F68318C0008991E /* UnionFind */ = {
			isa = PBXGroup;
			children = (
				08142ABC1F68318C0008991E /* UnionFind1.cpp */,
				08142ABD1F68318C0008991E /* UnionFind1.hpp */,
				08142ABE1F68318C0008991E /* UnionFind2.cpp */,
				08142ABF1F68318C0008991E /* UnionFind2.hpp */,
				08142AC01F68318C0008991E /* UnionFind3.cpp */,
				08142AC11F68318C0008991E /* UnionFind3.hpp */,
				08142AC21F68318C0008991E /* UnionFind4.cpp */,
				08142AC31F68318C0008991E /* UnionFind4.hpp */,
				08142AC41F68318C0008991E /* UnionFind5.cpp */,
				08142AC51F68318C0008991E /* UnionFind5.hpp */,
				08142AC61F68318C0008991E /* UnionTestHelper.hpp */,
			);
			path = UnionFind;
			sourceTree = "<group>";
		};
		08142AD51F6831F70008991E /* Other */ = {
			isa = PBXGroup;
			children = (
				08142AD61F6831F70008991E /* Student.cpp */,
				08142AD71F6831F70008991E /* Student.hpp */,
			);
			path = Other;
			sourceTree = "<group>";
		};
		08142AD91F6832050008991E /* Search */ = {
			isa = PBXGroup;
			children = (
				08142ADA1F6832050008991E /* BinarySearch.cpp */,
				08142ADB1F6832050008991E /* BinarySearch.hpp */,
			);
			path = Search;
			sourceTree = "<group>";
		};
		0823CA661F5BA6F400CF56D1 /* resources */ = {
			isa = PBXGroup;
			children = (
				18AA35BE22FE81330069D479 /* testG1.txt */,
				18AA35BF22FE813B0069D479 /* testG2.txt */,
				0823CA671F5BA6F400CF56D1 /* bible.rtf */,
			);
			path = resources;
			sourceTree = "<group>";
		};
		083DE1841F1D0677005916BB = {
			isa = PBXGroup;
			children = (
				083DE18F1F1D0677005916BB /* Algorithm */,
				08016CB222B4BF7600492DC5 /* LeetCode */,
				18256C1222D0C8ED0080405D /* CPPSTL */,
				083DE18E1F1D0677005916BB /* Products */,
			);
			sourceTree = "<group>";
		};
		083DE18E1F1D0677005916BB /* Products */ = {
			isa = PBXGroup;
			children = (
				083DE18D1F1D0677005916BB /* Algorithm */,
				08016C9C22B4BE3300492DC5 /* LeetCode */,
				18256C1122D0C8ED0080405D /* CPPSTL */,
			);
			name = Products;
			sourceTree = "<group>";
		};
		083DE18F1F1D0677005916BB /* Algorithm */ = {
			isa = PBXGroup;
			children = (
				08E47BAA229A52C700FCA0A5 /* LinkedList */,
				08E47BA62299213C00FCA0A5 /* Array */,
				08142AA41F68318C0008991E /* Sort */,
				08142AB01F68318C0008991E /* Tree */,
				08142ABB1F68318C0008991E /* UnionFind */,
				08142AA11F68318C0008991E /* Graph */,
				08142AD91F6832050008991E /* Search */,
				08142AD51F6831F70008991E /* Other */,
				0823CA661F5BA6F400CF56D1 /* resources */,
				0893CA0522A01A090086F6EB /* Utils */,
				083DE1901F1D0677005916BB /* main.cpp */,
			);
			path = Algorithm;
			sourceTree = "<group>";
		};
		0893C9FE229E12630086F6EB /* DoublyLinkedList */ = {
			isa = PBXGroup;
			children = (
				0893C9FF229E128C0086F6EB /* DoublyLinkedList.cpp */,
				0893CA00229E128C0086F6EB /* DoublyLinkedList.hpp */,
			);
			path = DoublyLinkedList;
			sourceTree = "<group>";
		};
		0893CA0522A01A090086F6EB /* Utils */ = {
			isa = PBXGroup;
			children = (
				0893CA0222A019E30086F6EB /* Utils.h */,
				0893CA0322A019E30086F6EB /* Utils.c */,
			);
			path = Utils;
			sourceTree = "<group>";
		};
		08DEC6E322A6AD5500EF527F /* Stack */ = {
			isa = PBXGroup;
			children = (
			);
			path = Stack;
			sourceTree = "<group>";
		};
		08E47BA62299213C00FCA0A5 /* Array */ = {
			isa = PBXGroup;
			children = (
				08E47BA72299488D00FCA0A5 /* MyArray.cpp */,
				08E47BA82299488D00FCA0A5 /* MyArray.hpp */,
			);
			path = Array;
			sourceTree = "<group>";
		};
		08E47BAA229A52C700FCA0A5 /* LinkedList */ = {
			isa = PBXGroup;
			children = (
				08DEC6E322A6AD5500EF527F /* Stack */,
				0893C9FE229E12630086F6EB /* DoublyLinkedList */,
				08E47BAF229C1FCE00FCA0A5 /* SingleLinkedList */,
				08E47BAE229C1FBC00FCA0A5 /* LRUCache */,
			);
			path = LinkedList;
			sourceTree = "<group>";
		};
		08E47BAE229C1FBC00FCA0A5 /* LRUCache */ = {
			isa = PBXGroup;
			children = (
				08E47BAB229A52FA00FCA0A5 /* LRUCache.cpp */,
				08E47BAC229A52FA00FCA0A5 /* LRUCache.hpp */,
			);
			path = LRUCache;
			sourceTree = "<group>";
		};
		08E47BAF229C1FCE00FCA0A5 /* SingleLinkedList */ = {
			isa = PBXGroup;
			children = (
				08E47BB0229C1FED00FCA0A5 /* SingleLinkedList.cpp */,
				08E47BB1229C1FED00FCA0A5 /* SingleLinkedList.hpp */,
			);
			path = SingleLinkedList;
			sourceTree = "<group>";
		};
		1811585122DFF185002693CC /* 100-isSameTree */ = {
			isa = PBXGroup;
			children = (
				1811585222DFF1A9002693CC /* 100-isSameTree.cpp */,
				1811585322DFF1A9002693CC /* 100-isSameTree.hpp */,
			);
			path = "100-isSameTree";
			sourceTree = "<group>";
		};
		1814CCF922D1E0060088D969 /* 148-sortList */ = {
			isa = PBXGroup;
			children = (
				1814CCFA22D1E0330088D969 /* 148-sortList.cpp */,
				1814CCFB22D1E0330088D969 /* 148-sortList.hpp */,
			);
			path = "148-sortList";
			sourceTree = "<group>";
		};
		1814CD0022D1F5EC0088D969 /* Helper */ = {
			isa = PBXGroup;
			children = (
				1814CCFD22D1F1C50088D969 /* LinkedListHelper.cpp */,
				1814CCFE22D1F1C50088D969 /* LinkedListHelper.hpp */,
				18C5791E22DBFFF4000FE701 /* TreeHelper.cpp */,
				18C5791F22DBFFF4000FE701 /* TreeHelper.hpp */,
				18D6062B22EDAC36004E721F /* STLHelper.cpp */,
				18D6062C22EDAC36004E721F /* STLHelper.hpp */,
			);
			path = Helper;
			sourceTree = "<group>";
		};
		18208B4422D963D300F5823E /* 220-duplicate */ = {
			isa = PBXGroup;
			children = (
				18208B4522D963FA00F5823E /* 220-duplicate.cpp */,
				18208B4622D963FA00F5823E /* 220-duplicate.hpp */,
			);
			path = "220-duplicate";
			sourceTree = "<group>";
		};
		18208B4822D988D200F5823E /* 922-sortArrayByParityII */ = {
			isa = PBXGroup;
			children = (
				18208B4922D9890000F5823E /* 922-sortArrayByParityII.cpp */,
				18208B4A22D9890000F5823E /* 922-sortArrayByParityII.hpp */,
			);
			path = "922-sortArrayByParityII";
			sourceTree = "<group>";
		};
		18256C1222D0C8ED0080405D /* CPPSTL */ = {
			isa = PBXGroup;
			children = (
				18404ED622E3050100D4034E /* vector */,
				185068B322D7786F000A05AE /* string */,
				1858648822D0CA9800BCFC3E /* map */,
				1858648122D0C91600BCFC3E /* set */,
				1858647D22D0C90F00BCFC3E /* priority_queue */,
				18256C1322D0C8ED0080405D /* main.cpp */,
			);
			path = CPPSTL;
			sourceTree = "<group>";
		};
		182573E022FA55DE0013EBA8 /* 129-sumNumbers */ = {
			isa = PBXGroup;
			children = (
				182573E122FA56020013EBA8 /* 129-sumNumbers.cpp */,
				182573E222FA56020013EBA8 /* 129-sumNumbers.hpp */,
			);
			path = "129-sumNumbers";
			sourceTree = "<group>";
		};
		182ACDFE22EFBD5D00BD4445 /* 101-isSymmetric */ = {
			isa = PBXGroup;
			children = (
				182ACDFF22EFBD8300BD4445 /* 101-isSymmetric.cpp */,
				182ACE0022EFBD8300BD4445 /* 101-isSymmetric.hpp */,
			);
			path = "101-isSymmetric";
			sourceTree = "<group>";
		};
		1833C0C12306DE93006D7287 /* 46-permute */ = {
			isa = PBXGroup;
			children = (
				1833C0C22306DEBC006D7287 /* 46-permute.cpp */,
				1833C0C32306DEBC006D7287 /* 46-permute.hpp */,
			);
			path = "46-permute";
			sourceTree = "<group>";
		};
		1833C0C52307D4C5006D7287 /* 17-letterCombinations */ = {
			isa = PBXGroup;
			children = (
				1833C0C62307D4E1006D7287 /* 17-letterCombinations.cpp */,
				1833C0C72307D4E1006D7287 /* 17-letterCombinations.hpp */,
			);
			path = "17-letterCombinations";
			sourceTree = "<group>";
		};
		1833C0C92307E69C006D7287 /* 700+ */ = {
			isa = PBXGroup;
			children = (
				1833C0CA2307E6A3006D7287 /* 784-letterCasePermutation */,
			);
			path = "700+";
			sourceTree = "<group>";
		};
		1833C0CA2307E6A3006D7287 /* 784-letterCasePermutation */ = {
			isa = PBXGroup;
			children = (
				1833C0CB2307E6BC006D7287 /* 784-letterCasePermutation.cpp */,
				1833C0CC2307E6BC006D7287 /* 784-letterCasePermutation.hpp */,
			);
			path = "784-letterCasePermutation";
			sourceTree = "<group>";
		};
		1833C0CE2307F4BE006D7287 /* 47-permuteUnique */ = {
			isa = PBXGroup;
			children = (
				1833C0CF2307F4D2006D7287 /* 47-permuteUnique.cpp */,
				1833C0D02307F4D2006D7287 /* 47-permuteUnique.hpp */,
			);
			path = "47-permuteUnique";
			sourceTree = "<group>";
		};
		1833C0D22308F0DE006D7287 /* 77-combine */ = {
			isa = PBXGroup;
			children = (
				1833C0D32308F0F3006D7287 /* 77-combine.cpp */,
				1833C0D42308F0F3006D7287 /* 77-combine.hpp */,
			);
			path = "77-combine";
			sourceTree = "<group>";
		};
		1833C0D623091270006D7287 /* 39-combinationSum */ = {
			isa = PBXGroup;
			children = (
				1833C0D723091289006D7287 /* 39-combinationSum.cpp */,
				1833C0D823091289006D7287 /* 39-combinationSum.hpp */,
			);
			path = "39-combinationSum";
			sourceTree = "<group>";
		};
		1833C0DA230956BD006D7287 /* 40-combinationSum2 */ = {
			isa = PBXGroup;
			children = (
				1833C0DB230956D4006D7287 /* 40-combinationSum2.cpp */,
				1833C0DC230956D4006D7287 /* 40-combinationSum2.hpp */,
			);
			path = "40-combinationSum2";
			sourceTree = "<group>";
		};
		1835119D22F26C1700968475 /* 145-postorderTraversal */ = {
			isa = PBXGroup;
			children = (
				1835119E22F26C3500968475 /* 145-postorderTraversal.cpp */,
				1835119F22F26C3500968475 /* 145-postorderTraversal.hpp */,
			);
			path = "145-postorderTraversal";
			sourceTree = "<group>";
		};
		18367C7B22D801A900F59043 /* 217-duplicate */ = {
			isa = PBXGroup;
			children = (
				18367C7C22D801D900F59043 /* 217-duplicate.cpp */,
				18367C7D22D801D900F59043 /* 217-duplicate.hpp */,
			);
			path = "217-duplicate";
			sourceTree = "<group>";
		};
		18367C7F22D80E2E00F59043 /* 219-duplicate */ = {
			isa = PBXGroup;
			children = (
				18367C8022D80E4D00F59043 /* 219-duplicate.cpp */,
				18367C8122D80E4D00F59043 /* 219-duplicate.hpp */,
			);
			path = "219-duplicate";
			sourceTree = "<group>";
		};
		18404ED222E2CF0E00D4034E /* 112-hasPathSum */ = {
			isa = PBXGroup;
			children = (
				18404ED322E2CF2E00D4034E /* 112-hasPathSum.cpp */,
				18404ED422E2CF2E00D4034E /* 112-hasPathSum.hpp */,
			);
			path = "112-hasPathSum";
			sourceTree = "<group>";
		};
		18404ED622E3050100D4034E /* vector */ = {
			isa = PBXGroup;
			children = (
			);
			path = vector;
			sourceTree = "<group>";
		};
		18404ED722E30D7600D4034E /* 113-hasPathSumll */ = {
			isa = PBXGroup;
			children = (
				18404ED822E30DB800D4034E /* 113-hasPathSumll.cpp */,
				18404ED922E30DB800D4034E /* 113-hasPathSumll.hpp */,
			);
			path = "113-hasPathSumll";
			sourceTree = "<group>";
		};
		18404EDB22E3406A00D4034E /* 257-binaryTreePaths */ = {
			isa = PBXGroup;
			children = (
				18404EDC22E3408600D4034E /* 257-binaryTreePaths.cpp */,
				18404EDD22E3408600D4034E /* 257-binaryTreePaths.hpp */,
			);
			path = "257-binaryTreePaths";
			sourceTree = "<group>";
		};
		1846690522E5355500D452C4 /* 437-PathSumIII */ = {
			isa = PBXGroup;
			children = (
				1846690622E5358700D452C4 /* 437-PathSumIII.cpp */,
				1846690722E5358700D452C4 /* 437-PathSumIII.hpp */,
			);
			path = "437-PathSumIII";
			sourceTree = "<group>";
		};
		1848AB9F22D62F5F007F0F61 /* 206-reverseList */ = {
			isa = PBXGroup;
			children = (
				1848ABA022D62F9B007F0F61 /* 206-reverseList.cpp */,
				1848ABA122D62F9B007F0F61 /* 206-reverseList.hpp */,
			);
			path = "206-reverseList";
			sourceTree = "<group>";
		};
		184BCAB42304DA6D0029EFE8 /* 109-sortedListToBST */ = {
			isa = PBXGroup;
			children = (
				184BCAB52304DA8E0029EFE8 /* 109-sortedListToBST.cpp */,
				184BCAB62304DA8E0029EFE8 /* 109-sortedListToBST.hpp */,
			);
			path = "109-sortedListToBST";
			sourceTree = "<group>";
		};
		185068B322D7786F000A05AE /* string */ = {
			isa = PBXGroup;
			children = (
				185068B422D77929000A05AE /* string.cpp */,
				185068B522D77929000A05AE /* string.hpp */,
			);
			path = string;
			sourceTree = "<group>";
		};
		1858647D22D0C90F00BCFC3E /* priority_queue */ = {
			isa = PBXGroup;
			children = (
				1858647E22D0C90F00BCFC3E /* priorityQueue.cpp */,
				1858647F22D0C90F00BCFC3E /* priorityQueue.hpp */,
			);
			path = priority_queue;
			sourceTree = "<group>";
		};
		1858648122D0C91600BCFC3E /* set */ = {
			isa = PBXGroup;
			children = (
				1858648222D0C91600BCFC3E /* set.cpp */,
				1858648322D0C91600BCFC3E /* set.hpp */,
			);
			path = set;
			sourceTree = "<group>";
		};
		1858648822D0CA9800BCFC3E /* map */ = {
			isa = PBXGroup;
			children = (
				1858648922D0CAB800BCFC3E /* map.cpp */,
				1858648A22D0CAB800BCFC3E /* map.hpp */,
			);
			path = map;
			sourceTree = "<group>";
		};
		189D84CC22F6690E00D4E1A7 /* 105-buildTree */ = {
			isa = PBXGroup;
			children = (
				189D84CD22F6693D00D4E1A7 /* 105-buildTree.cpp */,
				189D84CE22F6693D00D4E1A7 /* 105-buildTree.hpp */,
			);
			path = "105-buildTree";
			sourceTree = "<group>";
		};
		189D84D022F6AF5600D4E1A7 /* 106-buildTree */ = {
			isa = PBXGroup;
			children = (
				189D84D122F6AF7D00D4E1A7 /* 106-buildTree.cpp */,
				189D84D222F6AF7D00D4E1A7 /* 106-buildTree.hpp */,
			);
			path = "106-buildTree";
			sourceTree = "<group>";
		};
		189D84D422F6C96A00D4E1A7 /* 226-invertTree */ = {
			isa = PBXGroup;
			children = (
				189D84D522F6C98B00D4E1A7 /* 226-invertTree.cpp */,
				189D84D622F6C98B00D4E1A7 /* 226-invertTree.hpp */,
			);
			path = "226-invertTree";
			sourceTree = "<group>";
		};
		189D84D822F6DBDE00D4E1A7 /* 199-rightSideView */ = {
			isa = PBXGroup;
			children = (
				189D84D922F6DBF600D4E1A7 /* 199-rightSideView.cpp */,
				189D84DA22F6DBF600D4E1A7 /* 199-rightSideView.hpp */,
			);
			path = "199-rightSideView";
			sourceTree = "<group>";
		};
		18AA35B922FE69180069D479 /* 108-sortedArrayToBST */ = {
			isa = PBXGroup;
			children = (
				18AA35BA22FE69400069D479 /* 108-sortedArrayToBST.cpp */,
				18AA35BB22FE69400069D479 /* 108-sortedArrayToBST.hpp */,
			);
			path = "108-sortedArrayToBST";
			sourceTree = "<group>";
		};
		18B30A9A22D0FF7C001EFB36 /* 56-merge */ = {
			isa = PBXGroup;
			children = (
				18B30A9B22D0FF92001EFB36 /* 56-merge.cpp */,
				18B30A9C22D0FF92001EFB36 /* 56-merge.hpp */,
			);
			path = "56-merge";
			sourceTree = "<group>";
		};
		18B7FD1222D6BE130037BEBA /* 179-largestNumber */ = {
			isa = PBXGroup;
			children = (
				18B7FD1322D6BE450037BEBA /* 179-largestNumber.cpp */,
				18B7FD1422D6BE450037BEBA /* 179-largestNumber.hpp */,
			);
			path = "179-largestNumber";
			sourceTree = "<group>";
		};
		18BA68A022DF611F000870FF /* CodingInterviews */ = {
			isa = PBXGroup;
			children = (
				18BA68A422DF6269000870FF /* 03-duplicate */,
				18BA68A122DF619C000870FF /* OfferMain.cpp */,
				18BA68A222DF619C000870FF /* OfferMain.hpp */,
			);
			path = CodingInterviews;
			sourceTree = "<group>";
		};
		18BA68A422DF6269000870FF /* 03-duplicate */ = {
			isa = PBXGroup;
			children = (
				18BA68A522DF627E000870FF /* 03-duplicate.cpp */,
				18BA68A622DF627E000870FF /* 03-duplicate.hpp */,
			);
			path = "03-duplicate";
			sourceTree = "<group>";
		};
		18C5791A22DBFAE2000FE701 /* 98-isValidBST */ = {
			isa = PBXGroup;
			children = (
				18C5791B22DBFB1A000FE701 /* 98-isValidBST.cpp */,
				18C5791C22DBFB1A000FE701 /* 98-isValidBST.hpp */,
			);
			path = "98-isValidBST";
			sourceTree = "<group>";
		};
		18D6062722ED997E004E721F /* 102-levelOrder */ = {
			isa = PBXGroup;
			children = (
				18D6062822ED999C004E721F /* 102-levelOrder.cpp */,
				18D6062922ED999C004E721F /* 102-levelOrder.hpp */,
			);
			path = "102-levelOrder";
			sourceTree = "<group>";
		};
		18E6C30822D1723D0063B521 /* 20-isValid */ = {
			isa = PBXGroup;
			children = (
				1858648C22D0D6D300BCFC3E /* 20-isValid.cpp */,
				1858648D22D0D6D300BCFC3E /* 20-isValid.hpp */,
			);
			path = "20-isValid";
			sourceTree = "<group>";
		};
		18E6C30A22D1A5ED0063B521 /* 349-intersection */ = {
			isa = PBXGroup;
			children = (
				18E6C30B22D1A6290063B521 /* 349-intersection.cpp */,
				18E6C30C22D1A6290063B521 /* 349-intersection.hpp */,
			);
			path = "349-intersection";
			sourceTree = "<group>";
		};
		18F31CEA2304E149000AB5FB /* 230-kthSmallest */ = {
			isa = PBXGroup;
			children = (
				18F31CED2304E1FC000AB5FB /* 230-kthSmallest.cpp */,
				18F31CEE2304E1FC000AB5FB /* 230-kthSmallest.hpp */,
			);
			path = "230-kthSmallest";
			sourceTree = "<group>";
		};
		18F31CEB2304E15D000AB5FB /* 200+ */ = {
			isa = PBXGroup;
			children = (
				1848AB9F22D62F5F007F0F61 /* 206-reverseList */,
				18367C7B22D801A900F59043 /* 217-duplicate */,
				18367C7F22D80E2E00F59043 /* 219-duplicate */,
				18208B4422D963D300F5823E /* 220-duplicate */,
				189D84D422F6C96A00D4E1A7 /* 226-invertTree */,
				18F31CEA2304E149000AB5FB /* 230-kthSmallest */,
				18404EDB22E3406A00D4034E /* 257-binaryTreePaths */,
			);
			path = "200+";
			sourceTree = "<group>";
		};
		18F31CEC2304E165000AB5FB /* 100+ */ = {
			isa = PBXGroup;
			children = (
				1811585122DFF185002693CC /* 100-isSameTree */,
				182ACDFE22EFBD5D00BD4445 /* 101-isSymmetric */,
				18D6062722ED997E004E721F /* 102-levelOrder */,
				189D84CC22F6690E00D4E1A7 /* 105-buildTree */,
				189D84D022F6AF5600D4E1A7 /* 106-buildTree */,
				18AA35B922FE69180069D479 /* 108-sortedArrayToBST */,
				184BCAB42304DA6D0029EFE8 /* 109-sortedListToBST */,
				18404ED222E2CF0E00D4034E /* 112-hasPathSum */,
				18404ED722E30D7600D4034E /* 113-hasPathSumll */,
				182573E022FA55DE0013EBA8 /* 129-sumNumbers */,
				1835119D22F26C1700968475 /* 145-postorderTraversal */,
				1814CCF922D1E0060088D969 /* 148-sortList */,
				18B7FD1222D6BE130037BEBA /* 179-largestNumber */,
				189D84D822F6DBDE00D4E1A7 /* 199-rightSideView */,
			);
			path = "100+";
			sourceTree = "<group>";
		};
/* End PBXGroup section */

/* Begin PBXNativeTarget section */
		08016C9B22B4BE3300492DC5 /* LeetCode */ = {
			isa = PBXNativeTarget;
			buildConfigurationList = 08016CA022B4BE3400492DC5 /* Build configuration list for PBXNativeTarget "LeetCode" */;
			buildPhases = (
				08016C9822B4BE3300492DC5 /* Sources */,
				08016C9922B4BE3300492DC5 /* Frameworks */,
				08016C9A22B4BE3300492DC5 /* CopyFiles */,
			);
			buildRules = (
			);
			dependencies = (
			);
			name = LeetCode;
			productName = LeetCode;
			productReference = 08016C9C22B4BE3300492DC5 /* LeetCode */;
			productType = "com.apple.product-type.tool";
		};
		083DE18C1F1D0677005916BB /* Algorithm */ = {
			isa = PBXNativeTarget;
			buildConfigurationList = 083DE1941F1D0677005916BB /* Build configuration list for PBXNativeTarget "Algorithm" */;
			buildPhases = (
				083DE1891F1D0677005916BB /* Sources */,
				083DE18A1F1D0677005916BB /* Frameworks */,
				083DE18B1F1D0677005916BB /* CopyFiles */,
			);
			buildRules = (
			);
			dependencies = (
			);
			name = Algorithm;
			productName = Algorithm;
			productReference = 083DE18D1F1D0677005916BB /* Algorithm */;
			productType = "com.apple.product-type.tool";
		};
		18256C1022D0C8ED0080405D /* CPPSTL */ = {
			isa = PBXNativeTarget;
			buildConfigurationList = 18256C1722D0C8ED0080405D /* Build configuration list for PBXNativeTarget "CPPSTL" */;
			buildPhases = (
				18256C0D22D0C8ED0080405D /* Sources */,
				18256C0E22D0C8ED0080405D /* Frameworks */,
				18256C0F22D0C8ED0080405D /* CopyFiles */,
			);
			buildRules = (
			);
			dependencies = (
			);
			name = CPPSTL;
			productName = CPPSTL;
			productReference = 18256C1122D0C8ED0080405D /* CPPSTL */;
			productType = "com.apple.product-type.tool";
		};
/* End PBXNativeTarget section */

/* Begin PBXProject section */
		083DE1851F1D0677005916BB /* Project object */ = {
			isa = PBXProject;
			attributes = {
				LastSwiftUpdateCheck = 1020;
				LastUpgradeCheck = 1020;
				ORGANIZATIONNAME = nchkdxlq;
				TargetAttributes = {
					08016C9B22B4BE3300492DC5 = {
						CreatedOnToolsVersion = 10.2.1;
						DevelopmentTeam = PAXG53JU3J;
						ProvisioningStyle = Automatic;
					};
					083DE18C1F1D0677005916BB = {
						CreatedOnToolsVersion = 8.3.3;
						DevelopmentTeam = PAXG53JU3J;
						ProvisioningStyle = Automatic;
					};
					18256C1022D0C8ED0080405D = {
						CreatedOnToolsVersion = 11.0;
						DevelopmentTeam = PAXG53JU3J;
						ProvisioningStyle = Automatic;
					};
				};
			};
			buildConfigurationList = 083DE1881F1D0677005916BB /* Build configuration list for PBXProject "Algorithm" */;
			compatibilityVersion = "Xcode 3.2";
			developmentRegion = en;
			hasScannedForEncodings = 0;
			knownRegions = (
				en,
				Base,
			);
			mainGroup = 083DE1841F1D0677005916BB;
			productRefGroup = 083DE18E1F1D0677005916BB /* Products */;
			projectDirPath = "";
			projectRoot = "";
			targets = (
				083DE18C1F1D0677005916BB /* Algorithm */,
				08016C9B22B4BE3300492DC5 /* LeetCode */,
				18256C1022D0C8ED0080405D /* CPPSTL */,
			);
		};
/* End PBXProject section */

/* Begin PBXSourcesBuildPhase section */
		08016C9822B4BE3300492DC5 /* Sources */ = {
			isa = PBXSourcesBuildPhase;
			buildActionMask = 2147483647;
			files = (
				184BCAB72304DA8E0029EFE8 /* 109-sortedListToBST.cpp in Sources */,
				1833C0C82307D4E1006D7287 /* 17-letterCombinations.cpp in Sources */,
				1814CCFF22D1F1C50088D969 /* LinkedListHelper.cpp in Sources */,
				1833C0D52308F0F3006D7287 /* 77-combine.cpp in Sources */,
				18C5792022DBFFF4000FE701 /* TreeHelper.cpp in Sources */,
				1858648E22D0D6D300BCFC3E /* 20-isValid.cpp in Sources */,
				18D6062A22ED999C004E721F /* 102-levelOrder.cpp in Sources */,
				18E6C30D22D1A6290063B521 /* 349-intersection.cpp in Sources */,
				18F31CEF2304E1FC000AB5FB /* 230-kthSmallest.cpp in Sources */,
				18404ED522E2CF2E00D4034E /* 112-hasPathSum.cpp in Sources */,
				1833C0D923091289006D7287 /* 39-combinationSum.cpp in Sources */,
				1846690822E5358700D452C4 /* 437-PathSumIII.cpp in Sources */,
				18BA68A722DF627E000870FF /* 03-duplicate.cpp in Sources */,
				1833C0C42306DEBC006D7287 /* 46-permute.cpp in Sources */,
				18208B4B22D9890000F5823E /* 922-sortArrayByParityII.cpp in Sources */,
				08016CBC22B4BF7700492DC5 /* 347-topKFrequent.cpp in Sources */,
				1814CCFC22D1E0330088D969 /* 148-sortList.cpp in Sources */,
				08016CBE22B4BF7700492DC5 /* 703-KthLargest.cpp in Sources */,
				08016CBF22B4BF7700492DC5 /* main.cpp in Sources */,
				189D84CF22F6693D00D4E1A7 /* 105-buildTree.cpp in Sources */,
				1833C0CD2307E6BC006D7287 /* 784-letterCasePermutation.cpp in Sources */,
				18B7FD1522D6BE450037BEBA /* 179-largestNumber.cpp in Sources */,
				1833C0DD230956D4006D7287 /* 40-combinationSum2.cpp in Sources */,
				1833C0D12307F4D2006D7287 /* 47-permuteUnique.cpp in Sources */,
				18C5791D22DBFB1A000FE701 /* 98-isValidBST.cpp in Sources */,
				18D6062D22EDAC36004E721F /* STLHelper.cpp in Sources */,
				18BA68A322DF619C000870FF /* OfferMain.cpp in Sources */,
				189D84D722F6C98B00D4E1A7 /* 226-invertTree.cpp in Sources */,
				189D84D322F6AF7D00D4E1A7 /* 106-buildTree.cpp in Sources */,
				1848ABA222D62F9B007F0F61 /* 206-reverseList.cpp in Sources */,
				18208B4722D963FA00F5823E /* 220-duplicate.cpp in Sources */,
				18404EDE22E3408600D4034E /* 257-binaryTreePaths.cpp in Sources */,
				182ACE0122EFBD8300BD4445 /* 101-isSymmetric.cpp in Sources */,
				189D84DB22F6DBF600D4E1A7 /* 199-rightSideView.cpp in Sources */,
				182573E322FA56020013EBA8 /* 129-sumNumbers.cpp in Sources */,
				18B30A9D22D0FF92001EFB36 /* 56-merge.cpp in Sources */,
				18404EDA22E30DB800D4034E /* 113-hasPathSumll.cpp in Sources */,
				18367C7E22D801D900F59043 /* 217-duplicate.cpp in Sources */,
				08016CC022B4BF7700492DC5 /* 387-firstUniqChar.cpp in Sources */,
				183511A022F26C3500968475 /* 145-postorderTraversal.cpp in Sources */,
				18367C8222D80E4D00F59043 /* 219-duplicate.cpp in Sources */,
				1811585422DFF1A9002693CC /* 100-isSameTree.cpp in Sources */,
				08016CBD22B4BF7700492DC5 /* 23-mergeKLists.cpp in Sources */,
				18AA35BC22FE69400069D479 /* 108-sortedArrayToBST.cpp in Sources */,
			);
			runOnlyForDeploymentPostprocessing = 0;
		};
		083DE1891F1D0677005916BB /* Sources */ = {
			isa = PBXSourcesBuildPhase;
			buildActionMask = 2147483647;
			files = (
				08142ACD1F68318C0008991E /* IndexMaxHeap.cpp in Sources */,
				08142ACB1F68318C0008991E /* BST.cpp in Sources */,
				08142AD81F6831F70008991E /* Student.cpp in Sources */,
				08DC600E1F6B4CEA00296490 /* ReadGraph.cpp in Sources */,
				08142ACC1F68318C0008991E /* FileOps.cpp in Sources */,
				08142AD21F68318C0008991E /* UnionFind3.cpp in Sources */,
				08142AC71F68318C0008991E /* DenseGraph.cpp in Sources */,
				0893CA01229E128C0086F6EB /* DoublyLinkedList.cpp in Sources */,
				08DC600B1F6AC8B000296490 /* Component.cpp in Sources */,
				0893CA0422A019E30086F6EB /* Utils.c in Sources */,
				08142AD11F68318C0008991E /* UnionFind2.cpp in Sources */,
				08142AD01F68318C0008991E /* UnionFind1.cpp in Sources */,
				08142ACE1F68318C0008991E /* MaxHeap.cpp in Sources */,
				08E47BA92299488D00FCA0A5 /* MyArray.cpp in Sources */,
				1880A7EA22CA46B7003493A7 /* SortEntry.cpp in Sources */,
				08142AD31F68318C0008991E /* UnionFind4.cpp in Sources */,
				083DE1911F1D0677005916BB /* main.cpp in Sources */,
				08E47BB2229C1FED00FCA0A5 /* SingleLinkedList.cpp in Sources */,
				08E47BAD229A52FA00FCA0A5 /* LRUCache.cpp in Sources */,
				08142AE11F697E260008991E /* GraphTest.cpp in Sources */,
				1821144F22DA23A2003EBCB3 /* BinaryTree.cpp in Sources */,
				08142AD41F68318C0008991E /* UnionFind5.cpp in Sources */,
				08142ACF1F68318C0008991E /* SequenceST.cpp in Sources */,
				08142ADE1F6973A30008991E /* SparseGraph.cpp in Sources */,
			);
			runOnlyForDeploymentPostprocessing = 0;
		};
		18256C0D22D0C8ED0080405D /* Sources */ = {
			isa = PBXSourcesBuildPhase;
			buildActionMask = 2147483647;
			files = (
				1858648622D0C9F900BCFC3E /* set.cpp in Sources */,
				1858648722D0C9FB00BCFC3E /* priorityQueue.cpp in Sources */,
				1858648B22D0CAB800BCFC3E /* map.cpp in Sources */,
				185068B622D77929000A05AE /* string.cpp in Sources */,
				18256C1422D0C8ED0080405D /* main.cpp in Sources */,
			);
			runOnlyForDeploymentPostprocessing = 0;
		};
/* End PBXSourcesBuildPhase section */

/* Begin XCBuildConfiguration section */
		08016CA122B4BE3400492DC5 /* Debug */ = {
			isa = XCBuildConfiguration;
			buildSettings = {
				CLANG_CXX_LANGUAGE_STANDARD = "gnu++14";
				CLANG_ENABLE_OBJC_WEAK = YES;
				CLANG_WARN_UNGUARDED_AVAILABILITY = YES_AGGRESSIVE;
				CODE_SIGN_IDENTITY = "Mac Developer";
				CODE_SIGN_STYLE = Automatic;
				DEVELOPMENT_TEAM = PAXG53JU3J;
				GCC_C_LANGUAGE_STANDARD = gnu11;
				MACOSX_DEPLOYMENT_TARGET = 10.14;
				MTL_ENABLE_DEBUG_INFO = INCLUDE_SOURCE;
				MTL_FAST_MATH = YES;
				PRODUCT_NAME = "$(TARGET_NAME)";
			};
			name = Debug;
		};
		08016CA222B4BE3400492DC5 /* Release */ = {
			isa = XCBuildConfiguration;
			buildSettings = {
				CLANG_CXX_LANGUAGE_STANDARD = "gnu++14";
				CLANG_ENABLE_OBJC_WEAK = YES;
				CLANG_WARN_UNGUARDED_AVAILABILITY = YES_AGGRESSIVE;
				CODE_SIGN_IDENTITY = "Mac Developer";
				CODE_SIGN_STYLE = Automatic;
				DEVELOPMENT_TEAM = PAXG53JU3J;
				GCC_C_LANGUAGE_STANDARD = gnu11;
				MACOSX_DEPLOYMENT_TARGET = 10.14;
				MTL_FAST_MATH = YES;
				PRODUCT_NAME = "$(TARGET_NAME)";
			};
			name = Release;
		};
		083DE1921F1D0677005916BB /* Debug */ = {
			isa = XCBuildConfiguration;
			buildSettings = {
				ALWAYS_SEARCH_USER_PATHS = NO;
				CLANG_ANALYZER_LOCALIZABILITY_NONLOCALIZED = YES;
				CLANG_ANALYZER_NONNULL = YES;
				CLANG_ANALYZER_NUMBER_OBJECT_CONVERSION = YES_AGGRESSIVE;
				CLANG_CXX_LANGUAGE_STANDARD = "gnu++0x";
				CLANG_CXX_LIBRARY = "libc++";
				CLANG_ENABLE_MODULES = YES;
				CLANG_ENABLE_OBJC_ARC = YES;
				CLANG_WARN_BLOCK_CAPTURE_AUTORELEASING = YES;
				CLANG_WARN_BOOL_CONVERSION = YES;
				CLANG_WARN_COMMA = YES;
				CLANG_WARN_CONSTANT_CONVERSION = YES;
				CLANG_WARN_DEPRECATED_OBJC_IMPLEMENTATIONS = YES;
				CLANG_WARN_DIRECT_OBJC_ISA_USAGE = YES_ERROR;
				CLANG_WARN_DOCUMENTATION_COMMENTS = YES;
				CLANG_WARN_EMPTY_BODY = YES;
				CLANG_WARN_ENUM_CONVERSION = YES;
				CLANG_WARN_INFINITE_RECURSION = YES;
				CLANG_WARN_INT_CONVERSION = YES;
				CLANG_WARN_NON_LITERAL_NULL_CONVERSION = YES;
				CLANG_WARN_OBJC_IMPLICIT_RETAIN_SELF = YES;
				CLANG_WARN_OBJC_LITERAL_CONVERSION = YES;
				CLANG_WARN_OBJC_ROOT_CLASS = YES_ERROR;
				CLANG_WARN_RANGE_LOOP_ANALYSIS = YES;
				CLANG_WARN_STRICT_PROTOTYPES = YES;
				CLANG_WARN_SUSPICIOUS_MOVE = YES;
				CLANG_WARN_UNREACHABLE_CODE = YES;
				CLANG_WARN__DUPLICATE_METHOD_MATCH = YES;
				CODE_SIGN_IDENTITY = "-";
				COPY_PHASE_STRIP = NO;
				DEBUG_INFORMATION_FORMAT = dwarf;
				ENABLE_STRICT_OBJC_MSGSEND = YES;
				ENABLE_TESTABILITY = YES;
				GCC_C_LANGUAGE_STANDARD = gnu99;
				GCC_DYNAMIC_NO_PIC = NO;
				GCC_NO_COMMON_BLOCKS = YES;
				GCC_OPTIMIZATION_LEVEL = 0;
				GCC_PREPROCESSOR_DEFINITIONS = (
					"DEBUG=1",
					"$(inherited)",
				);
				GCC_WARN_64_TO_32_BIT_CONVERSION = YES;
				GCC_WARN_ABOUT_RETURN_TYPE = YES_ERROR;
				GCC_WARN_UNDECLARED_SELECTOR = YES;
				GCC_WARN_UNINITIALIZED_AUTOS = YES_AGGRESSIVE;
				GCC_WARN_UNUSED_FUNCTION = YES;
				GCC_WARN_UNUSED_VARIABLE = YES;
				MACOSX_DEPLOYMENT_TARGET = 10.12;
				MTL_ENABLE_DEBUG_INFO = YES;
				ONLY_ACTIVE_ARCH = YES;
				SDKROOT = macosx;
			};
			name = Debug;
		};
		083DE1931F1D0677005916BB /* Release */ = {
			isa = XCBuildConfiguration;
			buildSettings = {
				ALWAYS_SEARCH_USER_PATHS = NO;
				CLANG_ANALYZER_LOCALIZABILITY_NONLOCALIZED = YES;
				CLANG_ANALYZER_NONNULL = YES;
				CLANG_ANALYZER_NUMBER_OBJECT_CONVERSION = YES_AGGRESSIVE;
				CLANG_CXX_LANGUAGE_STANDARD = "gnu++0x";
				CLANG_CXX_LIBRARY = "libc++";
				CLANG_ENABLE_MODULES = YES;
				CLANG_ENABLE_OBJC_ARC = YES;
				CLANG_WARN_BLOCK_CAPTURE_AUTORELEASING = YES;
				CLANG_WARN_BOOL_CONVERSION = YES;
				CLANG_WARN_COMMA = YES;
				CLANG_WARN_CONSTANT_CONVERSION = YES;
				CLANG_WARN_DEPRECATED_OBJC_IMPLEMENTATIONS = YES;
				CLANG_WARN_DIRECT_OBJC_ISA_USAGE = YES_ERROR;
				CLANG_WARN_DOCUMENTATION_COMMENTS = YES;
				CLANG_WARN_EMPTY_BODY = YES;
				CLANG_WARN_ENUM_CONVERSION = YES;
				CLANG_WARN_INFINITE_RECURSION = YES;
				CLANG_WARN_INT_CONVERSION = YES;
				CLANG_WARN_NON_LITERAL_NULL_CONVERSION = YES;
				CLANG_WARN_OBJC_IMPLICIT_RETAIN_SELF = YES;
				CLANG_WARN_OBJC_LITERAL_CONVERSION = YES;
				CLANG_WARN_OBJC_ROOT_CLASS = YES_ERROR;
				CLANG_WARN_RANGE_LOOP_ANALYSIS = YES;
				CLANG_WARN_STRICT_PROTOTYPES = YES;
				CLANG_WARN_SUSPICIOUS_MOVE = YES;
				CLANG_WARN_UNREACHABLE_CODE = YES;
				CLANG_WARN__DUPLICATE_METHOD_MATCH = YES;
				CODE_SIGN_IDENTITY = "-";
				COPY_PHASE_STRIP = NO;
				DEBUG_INFORMATION_FORMAT = "dwarf-with-dsym";
				ENABLE_NS_ASSERTIONS = NO;
				ENABLE_STRICT_OBJC_MSGSEND = YES;
				GCC_C_LANGUAGE_STANDARD = gnu99;
				GCC_NO_COMMON_BLOCKS = YES;
				GCC_WARN_64_TO_32_BIT_CONVERSION = YES;
				GCC_WARN_ABOUT_RETURN_TYPE = YES_ERROR;
				GCC_WARN_UNDECLARED_SELECTOR = YES;
				GCC_WARN_UNINITIALIZED_AUTOS = YES_AGGRESSIVE;
				GCC_WARN_UNUSED_FUNCTION = YES;
				GCC_WARN_UNUSED_VARIABLE = YES;
				MACOSX_DEPLOYMENT_TARGET = 10.12;
				MTL_ENABLE_DEBUG_INFO = NO;
				SDKROOT = macosx;
			};
			name = Release;
		};
		083DE1951F1D0677005916BB /* Debug */ = {
			isa = XCBuildConfiguration;
			buildSettings = {
				CODE_SIGN_IDENTITY = "Mac Developer";
				CODE_SIGN_STYLE = Automatic;
				DEVELOPMENT_TEAM = "";
				PRODUCT_NAME = "$(TARGET_NAME)";
				PROVISIONING_PROFILE_SPECIFIER = "";
			};
			name = Debug;
		};
		083DE1961F1D0677005916BB /* Release */ = {
			isa = XCBuildConfiguration;
			buildSettings = {
				CODE_SIGN_IDENTITY = "Mac Developer";
				CODE_SIGN_STYLE = Automatic;
				DEVELOPMENT_TEAM = "";
				PRODUCT_NAME = "$(TARGET_NAME)";
				PROVISIONING_PROFILE_SPECIFIER = "";
			};
			name = Release;
		};
		18256C1522D0C8ED0080405D /* Debug */ = {
			isa = XCBuildConfiguration;
			buildSettings = {
				CLANG_CXX_LANGUAGE_STANDARD = "gnu++14";
				CLANG_ENABLE_OBJC_WEAK = YES;
				CLANG_WARN_UNGUARDED_AVAILABILITY = YES_AGGRESSIVE;
				CODE_SIGN_IDENTITY = "Mac Developer";
				CODE_SIGN_STYLE = Automatic;
				DEVELOPMENT_TEAM = "";
				ENABLE_HARDENED_RUNTIME = YES;
				GCC_C_LANGUAGE_STANDARD = gnu11;
				MACOSX_DEPLOYMENT_TARGET = 10.14;
				MTL_ENABLE_DEBUG_INFO = INCLUDE_SOURCE;
				MTL_FAST_MATH = YES;
				PRODUCT_NAME = "$(TARGET_NAME)";
				PROVISIONING_PROFILE_SPECIFIER = "";
			};
			name = Debug;
		};
		18256C1622D0C8ED0080405D /* Release */ = {
			isa = XCBuildConfiguration;
			buildSettings = {
				CLANG_CXX_LANGUAGE_STANDARD = "gnu++14";
				CLANG_ENABLE_OBJC_WEAK = YES;
				CLANG_WARN_UNGUARDED_AVAILABILITY = YES_AGGRESSIVE;
				CODE_SIGN_IDENTITY = "Mac Developer";
				CODE_SIGN_STYLE = Automatic;
				DEVELOPMENT_TEAM = "";
				ENABLE_HARDENED_RUNTIME = YES;
				GCC_C_LANGUAGE_STANDARD = gnu11;
				MACOSX_DEPLOYMENT_TARGET = 10.14;
				MTL_FAST_MATH = YES;
				PRODUCT_NAME = "$(TARGET_NAME)";
				PROVISIONING_PROFILE_SPECIFIER = "";
			};
			name = Release;
		};
/* End XCBuildConfiguration section */

/* Begin XCConfigurationList section */
		08016CA022B4BE3400492DC5 /* Build configuration list for PBXNativeTarget "LeetCode" */ = {
			isa = XCConfigurationList;
			buildConfigurations = (
				08016CA122B4BE3400492DC5 /* Debug */,
				08016CA222B4BE3400492DC5 /* Release */,
			);
			defaultConfigurationIsVisible = 0;
			defaultConfigurationName = Release;
		};
		083DE1881F1D0677005916BB /* Build configuration list for PBXProject "Algorithm" */ = {
			isa = XCConfigurationList;
			buildConfigurations = (
				083DE1921F1D0677005916BB /* Debug */,
				083DE1931F1D0677005916BB /* Release */,
			);
			defaultConfigurationIsVisible = 0;
			defaultConfigurationName = Release;
		};
		083DE1941F1D0677005916BB /* Build configuration list for PBXNativeTarget "Algorithm" */ = {
			isa = XCConfigurationList;
			buildConfigurations = (
				083DE1951F1D0677005916BB /* Debug */,
				083DE1961F1D0677005916BB /* Release */,
			);
			defaultConfigurationIsVisible = 0;
			defaultConfigurationName = Release;
		};
		18256C1722D0C8ED0080405D /* Build configuration list for PBXNativeTarget "CPPSTL" */ = {
			isa = XCConfigurationList;
			buildConfigurations = (
				18256C1522D0C8ED0080405D /* Debug */,
				18256C1622D0C8ED0080405D /* Release */,
			);
			defaultConfigurationIsVisible = 0;
			defaultConfigurationName = Release;
		};
/* End XCConfigurationList section */
	};
	rootObject = 083DE1851F1D0677005916BB /* Project object */;
}
